// !$*UTF8*$!
{
	archiveVersion = 1;
	classes = {
	};
	objectVersion = 63;
	objects = {

/* Begin PBXBuildFile section */
		01ACEC12F139A7A58469AEF3 /* ContentView.swift in Sources */ = {isa = PBXBuildFile; fileRef = A4DF2B2E48CF567B2CC53778 /* ContentView.swift */; };
		022B542D55DF230150F6B759 /* CapabilityService.swift in Sources */ = {isa = PBXBuildFile; fileRef = 460A84ADB6FB9AF14BCA90F8 /* CapabilityService.swift */; };
		09A41F5ED3FA409EC952A5A5 /* ProfileViewModel.swift in Sources */ = {isa = PBXBuildFile; fileRef = A5D9C4FE2C24074DF16B198F /* ProfileViewModel.swift */; };
		0A4D0A371341CAD6F01483BA /* AccountService.swift in Sources */ = {isa = PBXBuildFile; fileRef = 9638026585D547745093FD8E /* AccountService.swift */; };
		0CB943DE9F53A69F033A20A7 /* CertCheckView.swift in Sources */ = {isa = PBXBuildFile; fileRef = 0570E8FD8B3B8D1C1CC01554 /* CertCheckView.swift */; };
		0F03E3F7A3A94AF95980B901 /* CertificateListView.swift in Sources */ = {isa = PBXBuildFile; fileRef = CC6B9CA6879434AFADB8CC54 /* CertificateListView.swift */; };
		1199984E421B9DEC90250A83 /* FileDownloadService.swift in Sources */ = {isa = PBXBuildFile; fileRef = 52C317C1AB553A9D6CC2EE45 /* FileDownloadService.swift */; };
		12D5BD9A3E5D71B9B56BEA03 /* SubmitTemplate.swift in Sources */ = {isa = PBXBuildFile; fileRef = A5800841E6945C7E0ABCF43C /* SubmitTemplate.swift */; };
		193DB31772CD46CD0D7AD55F /* Extensions.swift in Sources */ = {isa = PBXBuildFile; fileRef = 7107384B37481C52912A3C06 /* Extensions.swift */; };
		1E1D84DB5286823090C756F4 /* AppModel.swift in Sources */ = {isa = PBXBuildFile; fileRef = E93F960C4FABA6DE12F56493 /* AppModel.swift */; };
		2140431B675C683A7630A4D1 /* ProfileDetailView.swift in Sources */ = {isa = PBXBuildFile; fileRef = 8A00ADED28403F4245CA152D /* ProfileDetailView.swift */; };
		218DCB335EFCD2720AFEE9AD /* Model+GRDB.swift in Sources */ = {isa = PBXBuildFile; fileRef = AF9B882C89FCE4F57BC791AF /* Model+GRDB.swift */; };
		21D253DA7C79FB10792AF84C /* Certificate.swift in Sources */ = {isa = PBXBuildFile; fileRef = AE8D7E741149FCD86B8EF0F8 /* Certificate.swift */; };
		24F5ECBC7872E3A20C9345A1 /* RegisterView.swift in Sources */ = {isa = PBXBuildFile; fileRef = 4DCD791E56D2F9902CF1F6A6 /* RegisterView.swift */; };
		2855C2BC79B0EB5E891EE852 /* WidgetKit.framework in Frameworks */ = {isa = PBXBuildFile; fileRef = 973182CB8F0551E18FA001D4 /* WidgetKit.framework */; };
		28A091B932DF5577CFC66A3E /* CertVaultWidget.appex in Embed Foundation Extensions */ = {isa = PBXBuildFile; fileRef = 270CFECFFEAACA997955027C /* CertVaultWidget.appex */; settings = {ATTRIBUTES = (RemoveHeadersOnCopy, ); }; };
		2D07B25C1E1A1FD83F3252A6 /* CertCheckViewModel.swift in Sources */ = {isa = PBXBuildFile; fileRef = 80FEC3FC287DB5BC910C383C /* CertCheckViewModel.swift */; };
		32CAA8960610D773538D83D9 /* TestFlightView.swift in Sources */ = {isa = PBXBuildFile; fileRef = 816089469C4DBD2AF1CD4812 /* TestFlightView.swift */; };
		35FA25707EB0CA1F8B16729B /* DatabaseManager.swift in Sources */ = {isa = PBXBuildFile; fileRef = 7F31A5BD0B28FDDAF7B80AD9 /* DatabaseManager.swift */; };
		38B54EE40DBAA7D3900658F5 /* UDIDViewModel.swift in Sources */ = {isa = PBXBuildFile; fileRef = 75B8C9E099C2090044862B1F /* UDIDViewModel.swift */; };
		3C905271CCAE0FA7C585C4D9 /* AppListViewModel.swift in Sources */ = {isa = PBXBuildFile; fileRef = 956C2F448AD73DA880D689B7 /* AppListViewModel.swift */; };
		3E12AD3A3F3E810DE75CCED7 /* Account.swift in Sources */ = {isa = PBXBuildFile; fileRef = 00A0DBEEBC6C7DC8348ED675 /* Account.swift */; };
		3E81F05B54DB296171387322 /* AccountWidgetView.swift in Sources */ = {isa = PBXBuildFile; fileRef = 091C9AF65B337FCCE5565C96 /* AccountWidgetView.swift */; };
		3EE8A837DA9FCEC4F7FA3CE9 /* L10n.swift in Sources */ = {isa = PBXBuildFile; fileRef = 6A725D629302AB254BF99202 /* L10n.swift */; };
		3FFA011E207BC256692F5E74 /* CreateBundleIDView.swift in Sources */ = {isa = PBXBuildFile; fileRef = E853E47C2B40F25A61F3E08B /* CreateBundleIDView.swift */; };
		40B4CAD1B55857EB8509FE11 /* SwiftUI.framework in Frameworks */ = {isa = PBXBuildFile; fileRef = 0B89175501FC6836B21464FD /* SwiftUI.framework */; };
		42CD8D00037094D40ED54F7F /* BundleID.swift in Sources */ = {isa = PBXBuildFile; fileRef = 8AAFE9BC5E48979541467CCA /* BundleID.swift */; };
		42E450E2996B53E7A4FDA089 /* APIResponse.swift in Sources */ = {isa = PBXBuildFile; fileRef = 7FDC9B5871FB5E94CDD831FB /* APIResponse.swift */; };
		45A0EA83F901A02F1C4DF036 /* BundleID.swift in Sources */ = {isa = PBXBuildFile; fileRef = 8AAFE9BC5E48979541467CCA /* BundleID.swift */; };
		47466A1A9FFD38E6DD32DDB0 /* UDIDService.swift in Sources */ = {isa = PBXBuildFile; fileRef = CFB0D6E726D09D117A5B2938 /* UDIDService.swift */; };
		486D8DCCAF7B9AD3F28A6277 /* Certificate.swift in Sources */ = {isa = PBXBuildFile; fileRef = AE8D7E741149FCD86B8EF0F8 /* Certificate.swift */; };
		493127DFE21D97B45F07DA45 /* HealthService.swift in Sources */ = {isa = PBXBuildFile; fileRef = AE31EFAC858CCE43C9D641B5 /* HealthService.swift */; };
		4978D81D3552E94291879854 /* CertVaultWidgetBundle.swift in Sources */ = {isa = PBXBuildFile; fileRef = 2594D11FF18824941398062E /* CertVaultWidgetBundle.swift */; };
		4A0157935F486CD99C3DE642 /* DeviceListView.swift in Sources */ = {isa = PBXBuildFile; fileRef = 49A892C39236723BB17AA193 /* DeviceListView.swift */; };
		50BC442E1A3E777DE3A176E4 /* CertCheckService.swift in Sources */ = {isa = PBXBuildFile; fileRef = E70B6F8DD5A10110F273D469 /* CertCheckService.swift */; };
		52DDC07389709B0797054042 /* APIClient.swift in Sources */ = {isa = PBXBuildFile; fileRef = D3131781E1131D68EF01B868 /* APIClient.swift */; };
		5823072D1739C95CA9085D8F /* StatCard.swift in Sources */ = {isa = PBXBuildFile; fileRef = 690CBC13004062D9D79C37FD /* StatCard.swift */; };
		5861BF140D528B09697EEC34 /* Device.swift in Sources */ = {isa = PBXBuildFile; fileRef = 4174480EF459CE6D795D5AAE /* Device.swift */; };
		5982184FAD8172B078F9BBA1 /* GRDB in Frameworks */ = {isa = PBXBuildFile; productRef = 44A06B32F829A5B8178BA764 /* GRDB */; };
		59B2AF6FCE9A0C627F214846 /* DashboardStats.swift in Sources */ = {isa = PBXBuildFile; fileRef = 2973DA44C96177EDEA70EC90 /* DashboardStats.swift */; };
		5BB329E09A3B92E5D01D727C /* Account.swift in Sources */ = {isa = PBXBuildFile; fileRef = 00A0DBEEBC6C7DC8348ED675 /* Account.swift */; };
		5C845C92B24BDA1449B85956 /* HealthCheckViewModel.swift in Sources */ = {isa = PBXBuildFile; fileRef = DB40C21D6B0CF3FE3ECB6460 /* HealthCheckViewModel.swift */; };
		5CCD9C30815B604921597689 /* HealthCheckView.swift in Sources */ = {isa = PBXBuildFile; fileRef = 834F5D124C3004FE64B98B65 /* HealthCheckView.swift */; };
		5EF388D513C1BA0425F912DA /* AppStoreView.swift in Sources */ = {isa = PBXBuildFile; fileRef = E26E6C608374CACA9A618C1E /* AppStoreView.swift */; };
		6129ACADBA0B4D079160CAB2 /* StatusBadge.swift in Sources */ = {isa = PBXBuildFile; fileRef = 352073FA8EDDECBDA47AD255 /* StatusBadge.swift */; };
		6337F4A012770D39B06313B7 /* WidgetDataProvider.swift in Sources */ = {isa = PBXBuildFile; fileRef = 7E18DAE9C0E24ECBD00EB4BB /* WidgetDataProvider.swift */; };
		6676621F0D5BC9418EC27329 /* Constants.swift in Sources */ = {isa = PBXBuildFile; fileRef = F2F0142C2FF8CA5D4062FA78 /* Constants.swift */; };
		66FCFE2E7531BE07500DA923 /* WidgetHelper.swift in Sources */ = {isa = PBXBuildFile; fileRef = 83BF709571C268651342018D /* WidgetHelper.swift */; };
		67871C8F075C5922AB777590 /* UDIDRequest.swift in Sources */ = {isa = PBXBuildFile; fileRef = 023BD510EEACAFADA8905D95 /* UDIDRequest.swift */; };
		68E86B55FDCDEBF1EFB0379E /* ExpiryWidgetView.swift in Sources */ = {isa = PBXBuildFile; fileRef = 4A537117ED2A438BF0CC79B1 /* ExpiryWidgetView.swift */; };
		6BC9C0B9BEBB4C06D3BC8CBD /* Model+GRDB.swift in Sources */ = {isa = PBXBuildFile; fileRef = AF9B882C89FCE4F57BC791AF /* Model+GRDB.swift */; };
		6D83AEE9CE70812502459885 /* DeviceViewModel.swift in Sources */ = {isa = PBXBuildFile; fileRef = B5882C1F835AFD6790D05F83 /* DeviceViewModel.swift */; };
		6DEFE47E26560D3136FECB7C /* AccountFormView.swift in Sources */ = {isa = PBXBuildFile; fileRef = 2C2790D661CE4A1A84492526 /* AccountFormView.swift */; };
		7033FFFA1B5392422A2B8A62 /* CreateCertView.swift in Sources */ = {isa = PBXBuildFile; fileRef = 7FBEE6BF7745565E4569DD58 /* CreateCertView.swift */; };
		75590BDB4AC6EF9521B399E3 /* CertCheckModel.swift in Sources */ = {isa = PBXBuildFile; fileRef = 74A043673AB3980AE24E1EBC /* CertCheckModel.swift */; };
		7675C71F02B2ACCFAC97FD5A /* DashboardWidgetView.swift in Sources */ = {isa = PBXBuildFile; fileRef = 00574031B9F497CB09E9EE55 /* DashboardWidgetView.swift */; };
		78B5C3C3204AC45314242967 /* HIcon.swift in Sources */ = {isa = PBXBuildFile; fileRef = AE649AFB1EC7CC3A1075F4B2 /* HIcon.swift */; };
		7AA422E69EF4C197B6236941 /* PushKeyListView.swift in Sources */ = {isa = PBXBuildFile; fileRef = 981892B641FAB042B261D6A4 /* PushKeyListView.swift */; };
		7C41682AB1258460E12DAA19 /* ProfileListView.swift in Sources */ = {isa = PBXBuildFile; fileRef = 28044F71319FCD319BEDE735 /* ProfileListView.swift */; };
		7D88D1BCF04B4718EBC2DCBD /* KeychainService.swift in Sources */ = {isa = PBXBuildFile; fileRef = 88E3697438D6DC6370739EA7 /* KeychainService.swift */; };
		7FCAAF3277D3D5E9695FE176 /* AccountDetailView.swift in Sources */ = {isa = PBXBuildFile; fileRef = 039D2BE66590D6E9C46F66F5 /* AccountDetailView.swift */; };
		807FE859315E08FBF315D0AC /* CapabilityViewModel.swift in Sources */ = {isa = PBXBuildFile; fileRef = 39553B7A0445025BA5A90F71 /* CapabilityViewModel.swift */; };
		814B73FC76C5DD1F9BEAFE08 /* AppStoreConnectService.swift in Sources */ = {isa = PBXBuildFile; fileRef = 8E6AE14832DB796344A9AD5D /* AppStoreConnectService.swift */; };
		91C626F82D7C29B4EA89826B /* PushGuideView.swift in Sources */ = {isa = PBXBuildFile; fileRef = 21266CFAB47BC37CF5104223 /* PushGuideView.swift */; };
		91C900DEBC7B7284434C7776 /* Profile.swift in Sources */ = {isa = PBXBuildFile; fileRef = 8C283187EE732FE2623639F8 /* Profile.swift */; };
		92123E82780D655E4E9965EE /* CertificateViewModel.swift in Sources */ = {isa = PBXBuildFile; fileRef = E0A64D37D6AB1F47F8FD5DA7 /* CertificateViewModel.swift */; };
		928182EF7C00BB5D6D7D5489 /* ExpiryWidget.swift in Sources */ = {isa = PBXBuildFile; fileRef = DEB9AE8B9240AE967B6240C0 /* ExpiryWidget.swift */; };
		9291CF31E57E8BA98220B9FA /* WidgetColors.swift in Sources */ = {isa = PBXBuildFile; fileRef = AB641351B107CF248756A558 /* WidgetColors.swift */; };
		98A76F50EDEDAED72DDE1031 /* WidgetCompat.swift in Sources */ = {isa = PBXBuildFile; fileRef = 85053B3D01D0EF6312A484AF /* WidgetCompat.swift */; };
		9AF143998E44558F2476DE1D /* PushService.swift in Sources */ = {isa = PBXBuildFile; fileRef = A682FCA2FF2507BE7AA0C61F /* PushService.swift */; };
		9B654DC898F462FD61006964 /* CertificateService.swift in Sources */ = {isa = PBXBuildFile; fileRef = D8ABA20B184190B2E060B03F /* CertificateService.swift */; };
		9BD5A29981D67A898BDC2B2C /* LoadingView.swift in Sources */ = {isa = PBXBuildFile; fileRef = 9B44C62884ECD5A9E0EFA7B5 /* LoadingView.swift */; };
		9D61EE5BB2480C34F9C854D9 /* Localizable.strings in Resources */ = {isa = PBXBuildFile; fileRef = 581904BC274B5BBFA1B79C41 /* Localizable.strings */; };
		A1B2C3D4E5F60001A0000001 /* PushSettingsView.swift in Sources */ = {isa = PBXBuildFile; fileRef = A1B2C3D4E5F60002A0000001 /* PushSettingsView.swift */; };
		A1B2C3D4E5F60001A0000002 /* PushHistoryView.swift in Sources */ = {isa = PBXBuildFile; fileRef = A1B2C3D4E5F60002A0000002 /* PushHistoryView.swift */; };
		A1B2C3D4E5F60001A0000003 /* PushDeviceManageView.swift in Sources */ = {isa = PBXBuildFile; fileRef = A1B2C3D4E5F60002A0000003 /* PushDeviceManageView.swift */; };
		A1B2C3D4E5F60001A0000004 /* PushBroadcastView.swift in Sources */ = {isa = PBXBuildFile; fileRef = A1B2C3D4E5F60002A0000004 /* PushBroadcastView.swift */; };
		A1B2C3D4E5F60001A0100001 /* PushHistoryDetailSheet.swift in Sources */ = {isa = PBXBuildFile; fileRef = A1B2C3D4E5F60002A0100001 /* PushHistoryDetailSheet.swift */; };
		A1B2C3D4E5F60001A0100002 /* ScheduledPushView.swift in Sources */ = {isa = PBXBuildFile; fileRef = A1B2C3D4E5F60002A0100002 /* ScheduledPushView.swift */; };
		A55F3629B0A7558B92FB6690 /* GRDB in Frameworks */ = {isa = PBXBuildFile; productRef = 8ADE0817843B2060592915F6 /* GRDB */; };
		A8DDD17677C5FF62A513CF63 /* BatchImportView.swift in Sources */ = {isa = PBXBuildFile; fileRef = 19B09ACF44C511129DA8DE3E /* BatchImportView.swift */; };
		A93D804AA28C80242357B451 /* AuthService.swift in Sources */ = {isa = PBXBuildFile; fileRef = BBF848814FC7C774117C5312 /* AuthService.swift */; };
		A95D1CB08507A065B676A44E /* NotificationManager.swift in Sources */ = {isa = PBXBuildFile; fileRef = 50580CC490E71E94FE3A044E /* NotificationManager.swift */; };
		AA03F6842CBD95624ADC7A32 /* SelfSignView.swift in Sources */ = {isa = PBXBuildFile; fileRef = B5F008C7A3EB72E2982C9F50 /* SelfSignView.swift */; };
		AB530E887A352E47D26C65F2 /* GetUDIDView.swift in Sources */ = {isa = PBXBuildFile; fileRef = 683B0EEFEC52E31E13FAFCB9 /* GetUDIDView.swift */; };
		AB78A42D6781AEB8A9EF90D4 /* TestFlightViewModel.swift in Sources */ = {isa = PBXBuildFile; fileRef = 231F2F71BBF38BBAC1D7A5FE /* TestFlightViewModel.swift */; };
		ADD0FC0C2A00461EC8F9B062 /* PushKey.swift in Sources */ = {isa = PBXBuildFile; fileRef = C7E3B8D1A178574971A9DFB7 /* PushKey.swift */; };
		AE44B2A8F3CC140F6A748E8D /* DownloadButtonStyle.swift in Sources */ = {isa = PBXBuildFile; fileRef = E2DEF359F7A4728549ED7AAC /* DownloadButtonStyle.swift */; };
		AEBEEC5D0D0B6B2AAE818002 /* DashboardStats.swift in Sources */ = {isa = PBXBuildFile; fileRef = 2973DA44C96177EDEA70EC90 /* DashboardStats.swift */; };
		B04475E0715498B8D341DC56 /* AutoBindView.swift in Sources */ = {isa = PBXBuildFile; fileRef = 60DC4FA1FDD359FAAF421DE3 /* AutoBindView.swift */; };
		B1C2D3E4F5A6B7C8D9E0F1A2 /* PushStorage.swift in Sources */ = {isa = PBXBuildFile; fileRef = C2D3E4F5A6B7C8D9E0F1A2B3 /* PushStorage.swift */; };
		B1C79E0D52C20FDC7F5BF3F6 /* SettingsView.swift in Sources */ = {isa = PBXBuildFile; fileRef = E6F8EBC5C8418D28D8BED9DB /* SettingsView.swift */; };
		B21356A3C11DFC3A6FD9179C /* PushKey.swift in Sources */ = {isa = PBXBuildFile; fileRef = C7E3B8D1A178574971A9DFB7 /* PushKey.swift */; };
		B2A701E70D81E7F0FB1548F8 /* TemplatePickerSheet.swift in Sources */ = {isa = PBXBuildFile; fileRef = 7C1333718E6637CA1DA296B5 /* TemplatePickerSheet.swift */; };
		B67ECEDAEBF45E5753F3DBDC /* GradientButton.swift in Sources */ = {isa = PBXBuildFile; fileRef = 0C771CB68961367220768ECD /* GradientButton.swift */; };
		B96A8ADC4DF35115754CC231 /* BuildDetailSheet.swift in Sources */ = {isa = PBXBuildFile; fileRef = F1251025520571265263246E /* BuildDetailSheet.swift */; };
		B9E7758D105752EB2EA7EAF8 /* Assets.xcassets in Resources */ = {isa = PBXBuildFile; fileRef = C6F94F0E440302B1B1684DF2 /* Assets.xcassets */; };
		BA9D3FE3A292520DED189AB6 /* EmptyStateView.swift in Sources */ = {isa = PBXBuildFile; fileRef = DD45C2B8E6C327B7374E832C /* EmptyStateView.swift */; };
		BC3B60209A99CFE3A45A3A1E /* HiconIcons in Frameworks */ = {isa = PBXBuildFile; productRef = 0B3F8E1F4008B723ED3912CF /* HiconIcons */; };
		BDAEACC9B77BA82EA031AE7F /* DashboardView.swift in Sources */ = {isa = PBXBuildFile; fileRef = 8688FF013995A6F49C935838 /* DashboardView.swift */; };
		C314B25B35A0270CD660BC33 /* PushViewModel.swift in Sources */ = {isa = PBXBuildFile; fileRef = 51DEE207AEE724016A07548C /* PushViewModel.swift */; };
		C6B40BA41819C5F0FC596E5F /* ParallaxMountainHeader.swift in Sources */ = {isa = PBXBuildFile; fileRef = 52B9036CF5CDF8DF89F3A093 /* ParallaxMountainHeader.swift */; };
		C71AAA4B1A99A6E8DEA59B53 /* Device.swift in Sources */ = {isa = PBXBuildFile; fileRef = 4174480EF459CE6D795D5AAE /* Device.swift */; };
		CB7D1B512923F568D2214D1A /* AppBackground.swift in Sources */ = {isa = PBXBuildFile; fileRef = 95D61CC7A77DA2F7E29B8799 /* AppBackground.swift */; };
		CC7C1BC61A12A17700C75067 /* Constants.swift in Sources */ = {isa = PBXBuildFile; fileRef = F2F0142C2FF8CA5D4062FA78 /* Constants.swift */; };
		CF0720252B978BA6C0A37F41 /* AppStoreModel.swift in Sources */ = {isa = PBXBuildFile; fileRef = B0847B94C8221D73BE22B927 /* AppStoreModel.swift */; };
		CFC4B53ED9EFD1B9A9731B84 /* CertVaultApp.swift in Sources */ = {isa = PBXBuildFile; fileRef = 8FB837E33CC69681F2D63198 /* CertVaultApp.swift */; };
		D1742B6B6A68373280BF4E40 /* ErrorView.swift in Sources */ = {isa = PBXBuildFile; fileRef = 7E42D07165AEA5BD3B8A5BC4 /* ErrorView.swift */; };
		D1CF363BEEC102388D45BDA4 /* CapabilityView.swift in Sources */ = {isa = PBXBuildFile; fileRef = 2CEC3AF3B6CB97D0B31D0806 /* CapabilityView.swift */; };
		D4E5F6A7B8C9D0E1F2A3B4C5 /* GroupDetailSheet.swift in Sources */ = {isa = PBXBuildFile; fileRef = E5F6A7B8C9D0E1F2A3B4C5D6 /* GroupDetailSheet.swift */; };
		D5A1B2C3E4F50617A8B9C0D1 /* DesignSystem.swift in Sources */ = {isa = PBXBuildFile; fileRef = E6B2C3D4F5061728B9C0D1E2 /* DesignSystem.swift */; };
		D68B0E9129FCE5B4333934F1 /* ProfileService.swift in Sources */ = {isa = PBXBuildFile; fileRef = 062337709847FC82844C9AE4 /* ProfileService.swift */; };
		D709D923B58319F4C8AFE90A /* AccountWidget.swift in Sources */ = {isa = PBXBuildFile; fileRef = 6CF9EDA387610D254E67668A /* AccountWidget.swift */; };
		D712B312E343E65B910CF1F1 /* AccountViewModel.swift in Sources */ = {isa = PBXBuildFile; fileRef = 03A100B09E679CD300E36696 /* AccountViewModel.swift */; };
		DAAA4D43690264CBB83BED49 /* CertificateDetailView.swift in Sources */ = {isa = PBXBuildFile; fileRef = 3463F8742B1C6A3F1BC4E4B2 /* CertificateDetailView.swift */; };
		DBDA63D9A3B07BE9403C2F0C /* DeviceService.swift in Sources */ = {isa = PBXBuildFile; fileRef = E2759BF743F8A6363D635A15 /* DeviceService.swift */; };
		DC6F30C3798F955A9EB93487 /* DeviceDetailView.swift in Sources */ = {isa = PBXBuildFile; fileRef = 8E98DF634CBC2B6051860E36 /* DeviceDetailView.swift */; };
		DE1289197BDD3E6DC71D1390 /* PushTestView.swift in Sources */ = {isa = PBXBuildFile; fileRef = BD115ADBDF8D9EE921860065 /* PushTestView.swift */; };
		DFCF59AB7DA3F4B8CDA0CA4D /* BundleIDListView.swift in Sources */ = {isa = PBXBuildFile; fileRef = 0E8FE987DCD0C03EE7C514B2 /* BundleIDListView.swift */; };
		E427DA4F776C20B2F461EC9A /* TestFlightModel.swift in Sources */ = {isa = PBXBuildFile; fileRef = 8AF301E8BF48000CD6C2F560 /* TestFlightModel.swift */; };
		E69CFA4A566ADF76C4328144 /* AuthViewModel.swift in Sources */ = {isa = PBXBuildFile; fileRef = 3FC60C908EEE8B0E8C571525 /* AuthViewModel.swift */; };
		E84D2F9BE97838BDA8AFDED5 /* UserManagementView.swift in Sources */ = {isa = PBXBuildFile; fileRef = 790A4E0554F7EA5450CD4FC7 /* UserManagementView.swift */; };
		E860FD0A2191A4B78D8C109E /* CreateProfileView.swift in Sources */ = {isa = PBXBuildFile; fileRef = 73D32AF47F775DE677BC5BA6 /* CreateProfileView.swift */; };
		EE56BB9D561E7646C8104A0A /* Capability.swift in Sources */ = {isa = PBXBuildFile; fileRef = 0D80E769302B1B64B6340403 /* Capability.swift */; };
		F44F010365E21602EEABD10F /* BundleIDDetailView.swift in Sources */ = {isa = PBXBuildFile; fileRef = 7B624022C6A0F1908F8E0066 /* BundleIDDetailView.swift */; };
		F4987F315965250CEC0B7D08 /* LoginView.swift in Sources */ = {isa = PBXBuildFile; fileRef = 56A8FC6CE04A5CEF18DBF8CB /* LoginView.swift */; };
		F6242DF0AFC3EB472242C560 /* AppLogger.swift in Sources */ = {isa = PBXBuildFile; fileRef = B0DB58E817DF6DAC3519B95B /* AppLogger.swift */; };
		F6A7B8C9D0E1F2A3B4C5D6E7 /* BetaTestSettingsSheet.swift in Sources */ = {isa = PBXBuildFile; fileRef = A7B8C9D0E1F2A3B4C5D6E7F8 /* BetaTestSettingsSheet.swift */; };
		F6FAA849956E949D1CFAB3DD /* AppListView.swift in Sources */ = {isa = PBXBuildFile; fileRef = 6E74D0B3589338E8317AE252 /* AppListView.swift */; };
		F73CAC4AD08CF2252153C77B /* Profile.swift in Sources */ = {isa = PBXBuildFile; fileRef = 8C283187EE732FE2623639F8 /* Profile.swift */; };
		F9DD70F6E9AB4621FB84F696 /* AccountListView.swift in Sources */ = {isa = PBXBuildFile; fileRef = B48D0C8B23942C7462100F4D /* AccountListView.swift */; };
		FD6BC4DF555A62AD9590DA25 /* DashboardViewModel.swift in Sources */ = {isa = PBXBuildFile; fileRef = 2DC59CC7A4CE7E2493926D5F /* DashboardViewModel.swift */; };
		FDF3FE6F6AA2C082903D4B2B /* AppStoreViewModel.swift in Sources */ = {isa = PBXBuildFile; fileRef = 5630D6FD8C30D53F250CBE88 /* AppStoreViewModel.swift */; };
		FE3457227C7A5E95CB1738EC /* DashboardWidget.swift in Sources */ = {isa = PBXBuildFile; fileRef = 6AC71160AA674FBE6EA111D6 /* DashboardWidget.swift */; };
/* End PBXBuildFile section */

/* Begin PBXContainerItemProxy section */
		5D37CDA4F6B2C822EC8D5E03 /* PBXContainerItemProxy */ = {
			isa = PBXContainerItemProxy;
			containerPortal = 36B547F14D8BEE1405F7F2A8 /* Project object */;
			proxyType = 1;
			remoteGlobalIDString = 2EFBF3829D267EFFAF063669;
			remoteInfo = CertVaultWidget;
		};
/* End PBXContainerItemProxy section */

/* Begin PBXCopyFilesBuildPhase section */
		36D98DC6634AD67AF9E20C2F /* Embed Foundation Extensions */ = {
			isa = PBXCopyFilesBuildPhase;
			buildActionMask = 2147483647;
			dstPath = "";
			dstSubfolderSpec = 13;
			files = (
				28A091B932DF5577CFC66A3E /* CertVaultWidget.appex in Embed Foundation Extensions */,
			);
			name = "Embed Foundation Extensions";
			runOnlyForDeploymentPostprocessing = 0;
		};
/* End PBXCopyFilesBuildPhase section */

/* Begin PBXFileReference section */
		00574031B9F497CB09E9EE55 /* DashboardWidgetView.swift */ = {isa = PBXFileReference; lastKnownFileType = sourcecode.swift; path = DashboardWidgetView.swift; sourceTree = "<group>"; };
		00A0DBEEBC6C7DC8348ED675 /* Account.swift */ = {isa = PBXFileReference; lastKnownFileType = sourcecode.swift; path = Account.swift; sourceTree = "<group>"; };
		023BD510EEACAFADA8905D95 /* UDIDRequest.swift */ = {isa = PBXFileReference; lastKnownFileType = sourcecode.swift; path = UDIDRequest.swift; sourceTree = "<group>"; };
		039D2BE66590D6E9C46F66F5 /* AccountDetailView.swift */ = {isa = PBXFileReference; lastKnownFileType = sourcecode.swift; path = AccountDetailView.swift; sourceTree = "<group>"; };
		03A100B09E679CD300E36696 /* AccountViewModel.swift */ = {isa = PBXFileReference; lastKnownFileType = sourcecode.swift; path = AccountViewModel.swift; sourceTree = "<group>"; };
		0570E8FD8B3B8D1C1CC01554 /* CertCheckView.swift */ = {isa = PBXFileReference; lastKnownFileType = sourcecode.swift; path = CertCheckView.swift; sourceTree = "<group>"; };
		062337709847FC82844C9AE4 /* ProfileService.swift */ = {isa = PBXFileReference; lastKnownFileType = sourcecode.swift; path = ProfileService.swift; sourceTree = "<group>"; };
		091C9AF65B337FCCE5565C96 /* AccountWidgetView.swift */ = {isa = PBXFileReference; lastKnownFileType = sourcecode.swift; path = AccountWidgetView.swift; sourceTree = "<group>"; };
		0B89175501FC6836B21464FD /* SwiftUI.framework */ = {isa = PBXFileReference; lastKnownFileType = wrapper.framework; name = SwiftUI.framework; path = System/Library/Frameworks/SwiftUI.framework; sourceTree = SDKROOT; };
		0C771CB68961367220768ECD /* GradientButton.swift */ = {isa = PBXFileReference; lastKnownFileType = sourcecode.swift; path = GradientButton.swift; sourceTree = "<group>"; };
		0D80E769302B1B64B6340403 /* Capability.swift */ = {isa = PBXFileReference; lastKnownFileType = sourcecode.swift; path = Capability.swift; sourceTree = "<group>"; };
		0E8FE987DCD0C03EE7C514B2 /* BundleIDListView.swift */ = {isa = PBXFileReference; lastKnownFileType = sourcecode.swift; path = BundleIDListView.swift; sourceTree = "<group>"; };
		19B09ACF44C511129DA8DE3E /* BatchImportView.swift */ = {isa = PBXFileReference; lastKnownFileType = sourcecode.swift; path = BatchImportView.swift; sourceTree = "<group>"; };
		21266CFAB47BC37CF5104223 /* PushGuideView.swift */ = {isa = PBXFileReference; lastKnownFileType = sourcecode.swift; path = PushGuideView.swift; sourceTree = "<group>"; };
		231F2F71BBF38BBAC1D7A5FE /* TestFlightViewModel.swift */ = {isa = PBXFileReference; lastKnownFileType = sourcecode.swift; path = TestFlightViewModel.swift; sourceTree = "<group>"; };
		2594D11FF18824941398062E /* CertVaultWidgetBundle.swift */ = {isa = PBXFileReference; lastKnownFileType = sourcecode.swift; path = CertVaultWidgetBundle.swift; sourceTree = "<group>"; };
		270CFECFFEAACA997955027C /* CertVaultWidget.appex */ = {isa = PBXFileReference; explicitFileType = "wrapper.app-extension"; includeInIndex = 0; path = CertVaultWidget.appex; sourceTree = BUILT_PRODUCTS_DIR; };
		28044F71319FCD319BEDE735 /* ProfileListView.swift */ = {isa = PBXFileReference; lastKnownFileType = sourcecode.swift; path = ProfileListView.swift; sourceTree = "<group>"; };
		2973DA44C96177EDEA70EC90 /* DashboardStats.swift */ = {isa = PBXFileReference; lastKnownFileType = sourcecode.swift; path = DashboardStats.swift; sourceTree = "<group>"; };
		2C2790D661CE4A1A84492526 /* AccountFormView.swift */ = {isa = PBXFileReference; lastKnownFileType = sourcecode.swift; path = AccountFormView.swift; sourceTree = "<group>"; };
		2CEC3AF3B6CB97D0B31D0806 /* CapabilityView.swift */ = {isa = PBXFileReference; lastKnownFileType = sourcecode.swift; path = CapabilityView.swift; sourceTree = "<group>"; };
		2DC59CC7A4CE7E2493926D5F /* DashboardViewModel.swift */ = {isa = PBXFileReference; lastKnownFileType = sourcecode.swift; path = DashboardViewModel.swift; sourceTree = "<group>"; };
		3463F8742B1C6A3F1BC4E4B2 /* CertificateDetailView.swift */ = {isa = PBXFileReference; lastKnownFileType = sourcecode.swift; path = CertificateDetailView.swift; sourceTree = "<group>"; };
		352073FA8EDDECBDA47AD255 /* StatusBadge.swift */ = {isa = PBXFileReference; lastKnownFileType = sourcecode.swift; path = StatusBadge.swift; sourceTree = "<group>"; };
		36A1F2B74C861B579D1A22C4 /* CertVault.entitlements */ = {isa = PBXFileReference; lastKnownFileType = text.plist.entitlements; path = CertVault.entitlements; sourceTree = "<group>"; };
		39553B7A0445025BA5A90F71 /* CapabilityViewModel.swift */ = {isa = PBXFileReference; lastKnownFileType = sourcecode.swift; path = CapabilityViewModel.swift; sourceTree = "<group>"; };
		3A2AFFFDF337DD0585A38D63 /* en */ = {isa = PBXFileReference; lastKnownFileType = text.plist.strings; name = en; path = en.lproj/Localizable.strings; sourceTree = "<group>"; };
		3FC60C908EEE8B0E8C571525 /* AuthViewModel.swift */ = {isa = PBXFileReference; lastKnownFileType = sourcecode.swift; path = AuthViewModel.swift; sourceTree = "<group>"; };
		4174480EF459CE6D795D5AAE /* Device.swift */ = {isa = PBXFileReference; lastKnownFileType = sourcecode.swift; path = Device.swift; sourceTree = "<group>"; };
		460A84ADB6FB9AF14BCA90F8 /* CapabilityService.swift */ = {isa = PBXFileReference; lastKnownFileType = sourcecode.swift; path = CapabilityService.swift; sourceTree = "<group>"; };
		49A892C39236723BB17AA193 /* DeviceListView.swift */ = {isa = PBXFileReference; lastKnownFileType = sourcecode.swift; path = DeviceListView.swift; sourceTree = "<group>"; };
		4A537117ED2A438BF0CC79B1 /* ExpiryWidgetView.swift */ = {isa = PBXFileReference; lastKnownFileType = sourcecode.swift; path = ExpiryWidgetView.swift; sourceTree = "<group>"; };
		4DCD791E56D2F9902CF1F6A6 /* RegisterView.swift */ = {isa = PBXFileReference; lastKnownFileType = sourcecode.swift; path = RegisterView.swift; sourceTree = "<group>"; };
		50580CC490E71E94FE3A044E /* NotificationManager.swift */ = {isa = PBXFileReference; lastKnownFileType = sourcecode.swift; path = NotificationManager.swift; sourceTree = "<group>"; };
		51DEE207AEE724016A07548C /* PushViewModel.swift */ = {isa = PBXFileReference; lastKnownFileType = sourcecode.swift; path = PushViewModel.swift; sourceTree = "<group>"; };
		52B9036CF5CDF8DF89F3A093 /* ParallaxMountainHeader.swift */ = {isa = PBXFileReference; lastKnownFileType = sourcecode.swift; path = ParallaxMountainHeader.swift; sourceTree = "<group>"; };
		52C317C1AB553A9D6CC2EE45 /* FileDownloadService.swift */ = {isa = PBXFileReference; lastKnownFileType = sourcecode.swift; path = FileDownloadService.swift; sourceTree = "<group>"; };
		5630D6FD8C30D53F250CBE88 /* AppStoreViewModel.swift */ = {isa = PBXFileReference; lastKnownFileType = sourcecode.swift; path = AppStoreViewModel.swift; sourceTree = "<group>"; };
		56A8FC6CE04A5CEF18DBF8CB /* LoginView.swift */ = {isa = PBXFileReference; lastKnownFileType = sourcecode.swift; path = LoginView.swift; sourceTree = "<group>"; };
		60DC4FA1FDD359FAAF421DE3 /* AutoBindView.swift */ = {isa = PBXFileReference; lastKnownFileType = sourcecode.swift; path = AutoBindView.swift; sourceTree = "<group>"; };
		683B0EEFEC52E31E13FAFCB9 /* GetUDIDView.swift */ = {isa = PBXFileReference; lastKnownFileType = sourcecode.swift; path = GetUDIDView.swift; sourceTree = "<group>"; };
		690CBC13004062D9D79C37FD /* StatCard.swift */ = {isa = PBXFileReference; lastKnownFileType = sourcecode.swift; path = StatCard.swift; sourceTree = "<group>"; };
		6A725D629302AB254BF99202 /* L10n.swift */ = {isa = PBXFileReference; lastKnownFileType = sourcecode.swift; path = L10n.swift; sourceTree = "<group>"; };
		6AC71160AA674FBE6EA111D6 /* DashboardWidget.swift */ = {isa = PBXFileReference; lastKnownFileType = sourcecode.swift; path = DashboardWidget.swift; sourceTree = "<group>"; };
		6CF9EDA387610D254E67668A /* AccountWidget.swift */ = {isa = PBXFileReference; lastKnownFileType = sourcecode.swift; path = AccountWidget.swift; sourceTree = "<group>"; };
		6E74D0B3589338E8317AE252 /* AppListView.swift */ = {isa = PBXFileReference; lastKnownFileType = sourcecode.swift; path = AppListView.swift; sourceTree = "<group>"; };
		7107384B37481C52912A3C06 /* Extensions.swift */ = {isa = PBXFileReference; lastKnownFileType = sourcecode.swift; path = Extensions.swift; sourceTree = "<group>"; };
		73D32AF47F775DE677BC5BA6 /* CreateProfileView.swift */ = {isa = PBXFileReference; lastKnownFileType = sourcecode.swift; path = CreateProfileView.swift; sourceTree = "<group>"; };
		74A043673AB3980AE24E1EBC /* CertCheckModel.swift */ = {isa = PBXFileReference; lastKnownFileType = sourcecode.swift; path = CertCheckModel.swift; sourceTree = "<group>"; };
		75B8C9E099C2090044862B1F /* UDIDViewModel.swift */ = {isa = PBXFileReference; lastKnownFileType = sourcecode.swift; path = UDIDViewModel.swift; sourceTree = "<group>"; };
		790A4E0554F7EA5450CD4FC7 /* UserManagementView.swift */ = {isa = PBXFileReference; lastKnownFileType = sourcecode.swift; path = UserManagementView.swift; sourceTree = "<group>"; };
		7B624022C6A0F1908F8E0066 /* BundleIDDetailView.swift */ = {isa = PBXFileReference; lastKnownFileType = sourcecode.swift; path = BundleIDDetailView.swift; sourceTree = "<group>"; };
		7C1333718E6637CA1DA296B5 /* TemplatePickerSheet.swift */ = {isa = PBXFileReference; lastKnownFileType = sourcecode.swift; path = TemplatePickerSheet.swift; sourceTree = "<group>"; };
		7E18DAE9C0E24ECBD00EB4BB /* WidgetDataProvider.swift */ = {isa = PBXFileReference; lastKnownFileType = sourcecode.swift; path = WidgetDataProvider.swift; sourceTree = "<group>"; };
		7E42D07165AEA5BD3B8A5BC4 /* ErrorView.swift */ = {isa = PBXFileReference; lastKnownFileType = sourcecode.swift; path = ErrorView.swift; sourceTree = "<group>"; };
		7F31A5BD0B28FDDAF7B80AD9 /* DatabaseManager.swift */ = {isa = PBXFileReference; lastKnownFileType = sourcecode.swift; path = DatabaseManager.swift; sourceTree = "<group>"; };
		7FBEE6BF7745565E4569DD58 /* CreateCertView.swift */ = {isa = PBXFileReference; lastKnownFileType = sourcecode.swift; path = CreateCertView.swift; sourceTree = "<group>"; };
		7FDC9B5871FB5E94CDD831FB /* APIResponse.swift */ = {isa = PBXFileReference; lastKnownFileType = sourcecode.swift; path = APIResponse.swift; sourceTree = "<group>"; };
		80FEC3FC287DB5BC910C383C /* CertCheckViewModel.swift */ = {isa = PBXFileReference; lastKnownFileType = sourcecode.swift; path = CertCheckViewModel.swift; sourceTree = "<group>"; };
		816089469C4DBD2AF1CD4812 /* TestFlightView.swift */ = {isa = PBXFileReference; lastKnownFileType = sourcecode.swift; path = TestFlightView.swift; sourceTree = "<group>"; };
		834F5D124C3004FE64B98B65 /* HealthCheckView.swift */ = {isa = PBXFileReference; lastKnownFileType = sourcecode.swift; path = HealthCheckView.swift; sourceTree = "<group>"; };
		83BF709571C268651342018D /* WidgetHelper.swift */ = {isa = PBXFileReference; lastKnownFileType = sourcecode.swift; path = WidgetHelper.swift; sourceTree = "<group>"; };
		846C272BE9365D1B50251B98 /* CertVault.app */ = {isa = PBXFileReference; explicitFileType = wrapper.application; includeInIndex = 0; path = CertVault.app; sourceTree = BUILT_PRODUCTS_DIR; };
		85053B3D01D0EF6312A484AF /* WidgetCompat.swift */ = {isa = PBXFileReference; lastKnownFileType = sourcecode.swift; path = WidgetCompat.swift; sourceTree = "<group>"; };
		8688FF013995A6F49C935838 /* DashboardView.swift */ = {isa = PBXFileReference; lastKnownFileType = sourcecode.swift; path = DashboardView.swift; sourceTree = "<group>"; };
		88E3697438D6DC6370739EA7 /* KeychainService.swift */ = {isa = PBXFileReference; lastKnownFileType = sourcecode.swift; path = KeychainService.swift; sourceTree = "<group>"; };
		8A00ADED28403F4245CA152D /* ProfileDetailView.swift */ = {isa = PBXFileReference; lastKnownFileType = sourcecode.swift; path = ProfileDetailView.swift; sourceTree = "<group>"; };
		8AAFE9BC5E48979541467CCA /* BundleID.swift */ = {isa = PBXFileReference; lastKnownFileType = sourcecode.swift; path = BundleID.swift; sourceTree = "<group>"; };
		8AF301E8BF48000CD6C2F560 /* TestFlightModel.swift */ = {isa = PBXFileReference; lastKnownFileType = sourcecode.swift; path = TestFlightModel.swift; sourceTree = "<group>"; };
		8C283187EE732FE2623639F8 /* Profile.swift */ = {isa = PBXFileReference; lastKnownFileType = sourcecode.swift; path = Profile.swift; sourceTree = "<group>"; };
		8E6AE14832DB796344A9AD5D /* AppStoreConnectService.swift */ = {isa = PBXFileReference; lastKnownFileType = sourcecode.swift; path = AppStoreConnectService.swift; sourceTree = "<group>"; };
		8E98DF634CBC2B6051860E36 /* DeviceDetailView.swift */ = {isa = PBXFileReference; lastKnownFileType = sourcecode.swift; path = DeviceDetailView.swift; sourceTree = "<group>"; };
		8FB837E33CC69681F2D63198 /* CertVaultApp.swift */ = {isa = PBXFileReference; lastKnownFileType = sourcecode.swift; path = CertVaultApp.swift; sourceTree = "<group>"; };
		9143C255E2E5DA07198DD9C6 /* zh-Hans */ = {isa = PBXFileReference; lastKnownFileType = text.plist.strings; name = "zh-Hans"; path = "zh-Hans.lproj/Localizable.strings"; sourceTree = "<group>"; };
		956C2F448AD73DA880D689B7 /* AppListViewModel.swift */ = {isa = PBXFileReference; lastKnownFileType = sourcecode.swift; path = AppListViewModel.swift; sourceTree = "<group>"; };
		95D61CC7A77DA2F7E29B8799 /* AppBackground.swift */ = {isa = PBXFileReference; lastKnownFileType = sourcecode.swift; path = AppBackground.swift; sourceTree = "<group>"; };
		9638026585D547745093FD8E /* AccountService.swift */ = {isa = PBXFileReference; lastKnownFileType = sourcecode.swift; path = AccountService.swift; sourceTree = "<group>"; };
		973182CB8F0551E18FA001D4 /* WidgetKit.framework */ = {isa = PBXFileReference; lastKnownFileType = wrapper.framework; name = WidgetKit.framework; path = System/Library/Frameworks/WidgetKit.framework; sourceTree = SDKROOT; };
		981892B641FAB042B261D6A4 /* PushKeyListView.swift */ = {isa = PBXFileReference; lastKnownFileType = sourcecode.swift; path = PushKeyListView.swift; sourceTree = "<group>"; };
		9B44C62884ECD5A9E0EFA7B5 /* LoadingView.swift */ = {isa = PBXFileReference; lastKnownFileType = sourcecode.swift; path = LoadingView.swift; sourceTree = "<group>"; };
		A1B2C3D4E5F60002A0000001 /* PushSettingsView.swift */ = {isa = PBXFileReference; lastKnownFileType = sourcecode.swift; path = PushSettingsView.swift; sourceTree = "<group>"; };
		A1B2C3D4E5F60002A0000002 /* PushHistoryView.swift */ = {isa = PBXFileReference; lastKnownFileType = sourcecode.swift; path = PushHistoryView.swift; sourceTree = "<group>"; };
		A1B2C3D4E5F60002A0000003 /* PushDeviceManageView.swift */ = {isa = PBXFileReference; lastKnownFileType = sourcecode.swift; path = PushDeviceManageView.swift; sourceTree = "<group>"; };
		A1B2C3D4E5F60002A0000004 /* PushBroadcastView.swift */ = {isa = PBXFileReference; lastKnownFileType = sourcecode.swift; path = PushBroadcastView.swift; sourceTree = "<group>"; };
		A1B2C3D4E5F60002A0100001 /* PushHistoryDetailSheet.swift */ = {isa = PBXFileReference; lastKnownFileType = sourcecode.swift; path = PushHistoryDetailSheet.swift; sourceTree = "<group>"; };
		A1B2C3D4E5F60002A0100002 /* ScheduledPushView.swift */ = {isa = PBXFileReference; lastKnownFileType = sourcecode.swift; path = ScheduledPushView.swift; sourceTree = "<group>"; };
		A4DF2B2E48CF567B2CC53778 /* ContentView.swift */ = {isa = PBXFileReference; lastKnownFileType = sourcecode.swift; path = ContentView.swift; sourceTree = "<group>"; };
		A5800841E6945C7E0ABCF43C /* SubmitTemplate.swift */ = {isa = PBXFileReference; lastKnownFileType = sourcecode.swift; path = SubmitTemplate.swift; sourceTree = "<group>"; };
		A5D9C4FE2C24074DF16B198F /* ProfileViewModel.swift */ = {isa = PBXFileReference; lastKnownFileType = sourcecode.swift; path = ProfileViewModel.swift; sourceTree = "<group>"; };
		A67E128563104C051748A1B1 /* HiconIcons */ = {isa = PBXFileReference; lastKnownFileType = folder; path = HiconIcons; sourceTree = SOURCE_ROOT; };
		A682FCA2FF2507BE7AA0C61F /* PushService.swift */ = {isa = PBXFileReference; lastKnownFileType = sourcecode.swift; path = PushService.swift; sourceTree = "<group>"; };
		A7B8C9D0E1F2A3B4C5D6E7F8 /* BetaTestSettingsSheet.swift */ = {isa = PBXFileReference; lastKnownFileType = sourcecode.swift; path = BetaTestSettingsSheet.swift; sourceTree = "<group>"; };
		AB641351B107CF248756A558 /* WidgetColors.swift */ = {isa = PBXFileReference; lastKnownFileType = sourcecode.swift; path = WidgetColors.swift; sourceTree = "<group>"; };
		AE31EFAC858CCE43C9D641B5 /* HealthService.swift */ = {isa = PBXFileReference; lastKnownFileType = sourcecode.swift; path = HealthService.swift; sourceTree = "<group>"; };
		AE649AFB1EC7CC3A1075F4B2 /* HIcon.swift */ = {isa = PBXFileReference; lastKnownFileType = sourcecode.swift; path = HIcon.swift; sourceTree = "<group>"; };
		AE8D7E741149FCD86B8EF0F8 /* Certificate.swift */ = {isa = PBXFileReference; lastKnownFileType = sourcecode.swift; path = Certificate.swift; sourceTree = "<group>"; };
		AF9B882C89FCE4F57BC791AF /* Model+GRDB.swift */ = {isa = PBXFileReference; lastKnownFileType = sourcecode.swift; path = "Model+GRDB.swift"; sourceTree = "<group>"; };
		B0847B94C8221D73BE22B927 /* AppStoreModel.swift */ = {isa = PBXFileReference; lastKnownFileType = sourcecode.swift; path = AppStoreModel.swift; sourceTree = "<group>"; };
		B0DB58E817DF6DAC3519B95B /* AppLogger.swift */ = {isa = PBXFileReference; lastKnownFileType = sourcecode.swift; path = AppLogger.swift; sourceTree = "<group>"; };
		B2985FE5210DD285F2D4ADE3 /* Secrets.xcconfig */ = {isa = PBXFileReference; lastKnownFileType = text.xcconfig; path = Secrets.xcconfig; sourceTree = "<group>"; };
		B48D0C8B23942C7462100F4D /* AccountListView.swift */ = {isa = PBXFileReference; lastKnownFileType = sourcecode.swift; path = AccountListView.swift; sourceTree = "<group>"; };
		B5882C1F835AFD6790D05F83 /* DeviceViewModel.swift */ = {isa = PBXFileReference; lastKnownFileType = sourcecode.swift; path = DeviceViewModel.swift; sourceTree = "<group>"; };
		B5DE530123D5426C42C03121 /* Info.plist */ = {isa = PBXFileReference; lastKnownFileType = text.plist; path = Info.plist; sourceTree = "<group>"; };
		B5F008C7A3EB72E2982C9F50 /* SelfSignView.swift */ = {isa = PBXFileReference; lastKnownFileType = sourcecode.swift; path = SelfSignView.swift; sourceTree = "<group>"; };
		BBF848814FC7C774117C5312 /* AuthService.swift */ = {isa = PBXFileReference; lastKnownFileType = sourcecode.swift; path = AuthService.swift; sourceTree = "<group>"; };
		BD115ADBDF8D9EE921860065 /* PushTestView.swift */ = {isa = PBXFileReference; lastKnownFileType = sourcecode.swift; path = PushTestView.swift; sourceTree = "<group>"; };
		C2D3E4F5A6B7C8D9E0F1A2B3 /* PushStorage.swift */ = {isa = PBXFileReference; lastKnownFileType = sourcecode.swift; path = PushStorage.swift; sourceTree = "<group>"; };
		C6F94F0E440302B1B1684DF2 /* Assets.xcassets */ = {isa = PBXFileReference; lastKnownFileType = folder.assetcatalog; path = Assets.xcassets; sourceTree = "<group>"; };
		C7E3B8D1A178574971A9DFB7 /* PushKey.swift */ = {isa = PBXFileReference; lastKnownFileType = sourcecode.swift; path = PushKey.swift; sourceTree = "<group>"; };
		CC6B9CA6879434AFADB8CC54 /* CertificateListView.swift */ = {isa = PBXFileReference; lastKnownFileType = sourcecode.swift; path = CertificateListView.swift; sourceTree = "<group>"; };
		CFB0D6E726D09D117A5B2938 /* UDIDService.swift */ = {isa = PBXFileReference; lastKnownFileType = sourcecode.swift; path = UDIDService.swift; sourceTree = "<group>"; };
		D3131781E1131D68EF01B868 /* APIClient.swift */ = {isa = PBXFileReference; lastKnownFileType = sourcecode.swift; path = APIClient.swift; sourceTree = "<group>"; };
		D8ABA20B184190B2E060B03F /* CertificateService.swift */ = {isa = PBXFileReference; lastKnownFileType = sourcecode.swift; path = CertificateService.swift; sourceTree = "<group>"; };
		DB40C21D6B0CF3FE3ECB6460 /* HealthCheckViewModel.swift */ = {isa = PBXFileReference; lastKnownFileType = sourcecode.swift; path = HealthCheckViewModel.swift; sourceTree = "<group>"; };
		DD45C2B8E6C327B7374E832C /* EmptyStateView.swift */ = {isa = PBXFileReference; lastKnownFileType = sourcecode.swift; path = EmptyStateView.swift; sourceTree = "<group>"; };
		DEB9AE8B9240AE967B6240C0 /* ExpiryWidget.swift */ = {isa = PBXFileReference; lastKnownFileType = sourcecode.swift; path = ExpiryWidget.swift; sourceTree = "<group>"; };
		E0A64D37D6AB1F47F8FD5DA7 /* CertificateViewModel.swift */ = {isa = PBXFileReference; lastKnownFileType = sourcecode.swift; path = CertificateViewModel.swift; sourceTree = "<group>"; };
		E26E6C608374CACA9A618C1E /* AppStoreView.swift */ = {isa = PBXFileReference; lastKnownFileType = sourcecode.swift; path = AppStoreView.swift; sourceTree = "<group>"; };
		E2759BF743F8A6363D635A15 /* DeviceService.swift */ = {isa = PBXFileReference; lastKnownFileType = sourcecode.swift; path = DeviceService.swift; sourceTree = "<group>"; };
		E2DEF359F7A4728549ED7AAC /* DownloadButtonStyle.swift */ = {isa = PBXFileReference; lastKnownFileType = sourcecode.swift; path = DownloadButtonStyle.swift; sourceTree = "<group>"; };
		E5B6F75DFC95BDA2D3DDE6CF /* CertVaultWidget.entitlements */ = {isa = PBXFileReference; lastKnownFileType = text.plist.entitlements; path = CertVaultWidget.entitlements; sourceTree = "<group>"; };
		E5F6A7B8C9D0E1F2A3B4C5D6 /* GroupDetailSheet.swift */ = {isa = PBXFileReference; lastKnownFileType = sourcecode.swift; path = GroupDetailSheet.swift; sourceTree = "<group>"; };
		E6B2C3D4F5061728B9C0D1E2 /* DesignSystem.swift */ = {isa = PBXFileReference; lastKnownFileType = sourcecode.swift; path = DesignSystem.swift; sourceTree = "<group>"; };
		E6F8EBC5C8418D28D8BED9DB /* SettingsView.swift */ = {isa = PBXFileReference; lastKnownFileType = sourcecode.swift; path = SettingsView.swift; sourceTree = "<group>"; };
		E70B6F8DD5A10110F273D469 /* CertCheckService.swift */ = {isa = PBXFileReference; lastKnownFileType = sourcecode.swift; path = CertCheckService.swift; sourceTree = "<group>"; };
		E853E47C2B40F25A61F3E08B /* CreateBundleIDView.swift */ = {isa = PBXFileReference; lastKnownFileType = sourcecode.swift; path = CreateBundleIDView.swift; sourceTree = "<group>"; };
		E93F960C4FABA6DE12F56493 /* AppModel.swift */ = {isa = PBXFileReference; lastKnownFileType = sourcecode.swift; path = AppModel.swift; sourceTree = "<group>"; };
		F1251025520571265263246E /* BuildDetailSheet.swift */ = {isa = PBXFileReference; lastKnownFileType = sourcecode.swift; path = BuildDetailSheet.swift; sourceTree = "<group>"; };
		F2F0142C2FF8CA5D4062FA78 /* Constants.swift */ = {isa = PBXFileReference; lastKnownFileType = sourcecode.swift; path = Constants.swift; sourceTree = "<group>"; };
/* End PBXFileReference section */

/* Begin PBXFrameworksBuildPhase section */
		1251DBD8DA5FCA93DCAF558A /* Frameworks */ = {
			isa = PBXFrameworksBuildPhase;
			buildActionMask = 2147483647;
			files = (
				5982184FAD8172B078F9BBA1 /* GRDB in Frameworks */,
				40B4CAD1B55857EB8509FE11 /* SwiftUI.framework in Frameworks */,
				2855C2BC79B0EB5E891EE852 /* WidgetKit.framework in Frameworks */,
			);
			runOnlyForDeploymentPostprocessing = 0;
		};
		6A9B687D2A01A3391087E979 /* Frameworks */ = {
			isa = PBXFrameworksBuildPhase;
			buildActionMask = 2147483647;
			files = (
				BC3B60209A99CFE3A45A3A1E /* HiconIcons in Frameworks */,
				A55F3629B0A7558B92FB6690 /* GRDB in Frameworks */,
			);
			runOnlyForDeploymentPostprocessing = 0;
		};
/* End PBXFrameworksBuildPhase section */

/* Begin PBXGroup section */
		041EC4FC0C3FFEE3A1159819 /* HealthCheck */ = {
			isa = PBXGroup;
			children = (
				834F5D124C3004FE64B98B65 /* HealthCheckView.swift */,
			);
			path = HealthCheck;
			sourceTree = "<group>";
		};
		06A7D27FF13587E6C2C80438 /* Dashboard */ = {
			isa = PBXGroup;
			children = (
				8688FF013995A6F49C935838 /* DashboardView.swift */,
			);
			path = Dashboard;
			sourceTree = "<group>";
		};
		14811B3835D789D80D688558 /* Frameworks */ = {
			isa = PBXGroup;
			children = (
				0B89175501FC6836B21464FD /* SwiftUI.framework */,
				973182CB8F0551E18FA001D4 /* WidgetKit.framework */,
			);
			name = Frameworks;
			sourceTree = "<group>";
		};
		157C748C70CBAEFAD63B5706 = {
			isa = PBXGroup;
			children = (
				C06336CFDB679EC7DABDACA6 /* CertVault */,
				9CF02F2ABA470D670DA93AF7 /* CertVaultWidget */,
				5D9315DACA0004A038F0220C /* Packages */,
				14811B3835D789D80D688558 /* Frameworks */,
				EB1A11729F54442B19379911 /* Products */,
			);
			sourceTree = "<group>";
		};
		172CA17F64BB6ECFB99F5816 /* Push */ = {
			isa = PBXGroup;
			children = (
				21266CFAB47BC37CF5104223 /* PushGuideView.swift */,
				981892B641FAB042B261D6A4 /* PushKeyListView.swift */,
				BD115ADBDF8D9EE921860065 /* PushTestView.swift */,
				A1B2C3D4E5F60002A0000001 /* PushSettingsView.swift */,
				A1B2C3D4E5F60002A0000002 /* PushHistoryView.swift */,
				A1B2C3D4E5F60002A0100001 /* PushHistoryDetailSheet.swift */,
				A1B2C3D4E5F60002A0100002 /* ScheduledPushView.swift */,
				A1B2C3D4E5F60002A0000003 /* PushDeviceManageView.swift */,
				A1B2C3D4E5F60002A0000004 /* PushBroadcastView.swift */,
			);
			path = Push;
			sourceTree = "<group>";
		};
		1738E000B300DE3A3040F22F /* Resources */ = {
			isa = PBXGroup;
			children = (
				581904BC274B5BBFA1B79C41 /* Localizable.strings */,
			);
			path = Resources;
			sourceTree = "<group>";
		};
		195EA4973F58BF95EC4BE70A /* Shared */ = {
			isa = PBXGroup;
			children = (
				7C1333718E6637CA1DA296B5 /* TemplatePickerSheet.swift */,
			);
			path = Shared;
			sourceTree = "<group>";
		};
		1A9D24D5232A9C4834AFDA81 /* Components */ = {
			isa = PBXGroup;
			children = (
				95D61CC7A77DA2F7E29B8799 /* AppBackground.swift */,
				E2DEF359F7A4728549ED7AAC /* DownloadButtonStyle.swift */,
				DD45C2B8E6C327B7374E832C /* EmptyStateView.swift */,
				7E42D07165AEA5BD3B8A5BC4 /* ErrorView.swift */,
				0C771CB68961367220768ECD /* GradientButton.swift */,
				9B44C62884ECD5A9E0EFA7B5 /* LoadingView.swift */,
				52B9036CF5CDF8DF89F3A093 /* ParallaxMountainHeader.swift */,
				690CBC13004062D9D79C37FD /* StatCard.swift */,
				352073FA8EDDECBDA47AD255 /* StatusBadge.swift */,
			);
			path = Components;
			sourceTree = "<group>";
		};
		288E7853E4F7831DB7DDBF40 /* Config */ = {
			isa = PBXGroup;
			children = (
				B2985FE5210DD285F2D4ADE3 /* Secrets.xcconfig */,
			);
			path = Config;
			sourceTree = "<group>";
		};
		2C5A2654ACD1A165CBC62E43 /* Devices */ = {
			isa = PBXGroup;
			children = (
				60DC4FA1FDD359FAAF421DE3 /* AutoBindView.swift */,
				19B09ACF44C511129DA8DE3E /* BatchImportView.swift */,
				8E98DF634CBC2B6051860E36 /* DeviceDetailView.swift */,
				49A892C39236723BB17AA193 /* DeviceListView.swift */,
			);
			path = Devices;
			sourceTree = "<group>";
		};
		53ADF1FE07D34F6E59229E0C /* Utils */ = {
			isa = PBXGroup;
			children = (
				B0DB58E817DF6DAC3519B95B /* AppLogger.swift */,
				F2F0142C2FF8CA5D4062FA78 /* Constants.swift */,
				E6B2C3D4F5061728B9C0D1E2 /* DesignSystem.swift */,
				7107384B37481C52912A3C06 /* Extensions.swift */,
				AE649AFB1EC7CC3A1075F4B2 /* HIcon.swift */,
				6A725D629302AB254BF99202 /* L10n.swift */,
				83BF709571C268651342018D /* WidgetHelper.swift */,
			);
			path = Utils;
			sourceTree = "<group>";
		};
		5D9315DACA0004A038F0220C /* Packages */ = {
			isa = PBXGroup;
			children = (
				A67E128563104C051748A1B1 /* HiconIcons */,
			);
			name = Packages;
			sourceTree = "<group>";
		};
		647D66C6A33C23726E449680 /* Accounts */ = {
			isa = PBXGroup;
			children = (
				039D2BE66590D6E9C46F66F5 /* AccountDetailView.swift */,
				2C2790D661CE4A1A84492526 /* AccountFormView.swift */,
				B48D0C8B23942C7462100F4D /* AccountListView.swift */,
			);
			path = Accounts;
			sourceTree = "<group>";
		};
		6522E0CB9BBB0FCB2CE84D5A /* TestFlight */ = {
			isa = PBXGroup;
			children = (
				F1251025520571265263246E /* BuildDetailSheet.swift */,
				E5F6A7B8C9D0E1F2A3B4C5D6 /* GroupDetailSheet.swift */,
				A7B8C9D0E1F2A3B4C5D6E7F8 /* BetaTestSettingsSheet.swift */,
				816089469C4DBD2AF1CD4812 /* TestFlightView.swift */,
			);
			path = TestFlight;
			sourceTree = "<group>";
		};
		6AFFE344870F40373B7F8485 /* Models */ = {
			isa = PBXGroup;
			children = (
				00A0DBEEBC6C7DC8348ED675 /* Account.swift */,
				7FDC9B5871FB5E94CDD831FB /* APIResponse.swift */,
				E93F960C4FABA6DE12F56493 /* AppModel.swift */,
				B0847B94C8221D73BE22B927 /* AppStoreModel.swift */,
				8AAFE9BC5E48979541467CCA /* BundleID.swift */,
				0D80E769302B1B64B6340403 /* Capability.swift */,
				74A043673AB3980AE24E1EBC /* CertCheckModel.swift */,
				AE8D7E741149FCD86B8EF0F8 /* Certificate.swift */,
				2973DA44C96177EDEA70EC90 /* DashboardStats.swift */,
				4174480EF459CE6D795D5AAE /* Device.swift */,
				AF9B882C89FCE4F57BC791AF /* Model+GRDB.swift */,
				8C283187EE732FE2623639F8 /* Profile.swift */,
				C7E3B8D1A178574971A9DFB7 /* PushKey.swift */,
				A5800841E6945C7E0ABCF43C /* SubmitTemplate.swift */,
				8AF301E8BF48000CD6C2F560 /* TestFlightModel.swift */,
				023BD510EEACAFADA8905D95 /* UDIDRequest.swift */,
			);
			path = Models;
			sourceTree = "<group>";
		};
		6E8783CC6122926290CDFA47 /* CertCheck */ = {
			isa = PBXGroup;
			children = (
				0570E8FD8B3B8D1C1CC01554 /* CertCheckView.swift */,
			);
			path = CertCheck;
			sourceTree = "<group>";
		};
		6EACB9CE8A161B07EF543532 /* Expiry */ = {
			isa = PBXGroup;
			children = (
				DEB9AE8B9240AE967B6240C0 /* ExpiryWidget.swift */,
				4A537117ED2A438BF0CC79B1 /* ExpiryWidgetView.swift */,
			);
			path = Expiry;
			sourceTree = "<group>";
		};
		8B2F117CEC255F7904A88755 /* UDID */ = {
			isa = PBXGroup;
			children = (
				683B0EEFEC52E31E13FAFCB9 /* GetUDIDView.swift */,
			);
			path = UDID;
			sourceTree = "<group>";
		};
		8E1F36259A6EC048238E238E /* AppStore */ = {
			isa = PBXGroup;
			children = (
				E26E6C608374CACA9A618C1E /* AppStoreView.swift */,
			);
			path = AppStore;
			sourceTree = "<group>";
		};
		9BA18FFB58425DCA4143C268 /* Views */ = {
			isa = PBXGroup;
			children = (
				647D66C6A33C23726E449680 /* Accounts */,
				D7FC76FD00B50E227E50D457 /* Apps */,
				8E1F36259A6EC048238E238E /* AppStore */,
				E835448F911A9358702ED0CF /* Auth */,
				D4B084C1866327995E0FA04B /* Capabilities */,
				6E8783CC6122926290CDFA47 /* CertCheck */,
				ACF3136896D5ED4167FA6A08 /* Certificates */,
				1A9D24D5232A9C4834AFDA81 /* Components */,
				06A7D27FF13587E6C2C80438 /* Dashboard */,
				2C5A2654ACD1A165CBC62E43 /* Devices */,
				041EC4FC0C3FFEE3A1159819 /* HealthCheck */,
				C9825C966B4F6AC149156794 /* Profiles */,
				172CA17F64BB6ECFB99F5816 /* Push */,
				B87AAEA2D168CD203F52C520 /* Settings */,
				195EA4973F58BF95EC4BE70A /* Shared */,
				6522E0CB9BBB0FCB2CE84D5A /* TestFlight */,
				8B2F117CEC255F7904A88755 /* UDID */,
				A4DF2B2E48CF567B2CC53778 /* ContentView.swift */,
			);
			path = Views;
			sourceTree = "<group>";
		};
		9CF02F2ABA470D670DA93AF7 /* CertVaultWidget */ = {
			isa = PBXGroup;
			children = (
				F70C3968232674E54690881C /* Account */,
				F0886118956D65DB6DF947A6 /* Dashboard */,
				6EACB9CE8A161B07EF543532 /* Expiry */,
				F826E02A0D30DA2EDBE699C9 /* Shared */,
				E5B6F75DFC95BDA2D3DDE6CF /* CertVaultWidget.entitlements */,
				2594D11FF18824941398062E /* CertVaultWidgetBundle.swift */,
				B5DE530123D5426C42C03121 /* Info.plist */,
			);
			path = CertVaultWidget;
			sourceTree = "<group>";
		};
		ACF3136896D5ED4167FA6A08 /* Certificates */ = {
			isa = PBXGroup;
			children = (
				3463F8742B1C6A3F1BC4E4B2 /* CertificateDetailView.swift */,
				CC6B9CA6879434AFADB8CC54 /* CertificateListView.swift */,
				7FBEE6BF7745565E4569DD58 /* CreateCertView.swift */,
				B5F008C7A3EB72E2982C9F50 /* SelfSignView.swift */,
			);
			path = Certificates;
			sourceTree = "<group>";
		};
		B76E725120766923AC5FC506 /* Services */ = {
			isa = PBXGroup;
			children = (
				9638026585D547745093FD8E /* AccountService.swift */,
				D3131781E1131D68EF01B868 /* APIClient.swift */,
				8E6AE14832DB796344A9AD5D /* AppStoreConnectService.swift */,
				BBF848814FC7C774117C5312 /* AuthService.swift */,
				460A84ADB6FB9AF14BCA90F8 /* CapabilityService.swift */,
				E70B6F8DD5A10110F273D469 /* CertCheckService.swift */,
				D8ABA20B184190B2E060B03F /* CertificateService.swift */,
				7F31A5BD0B28FDDAF7B80AD9 /* DatabaseManager.swift */,
				E2759BF743F8A6363D635A15 /* DeviceService.swift */,
				52C317C1AB553A9D6CC2EE45 /* FileDownloadService.swift */,
				AE31EFAC858CCE43C9D641B5 /* HealthService.swift */,
				88E3697438D6DC6370739EA7 /* KeychainService.swift */,
				50580CC490E71E94FE3A044E /* NotificationManager.swift */,
				062337709847FC82844C9AE4 /* ProfileService.swift */,
				A682FCA2FF2507BE7AA0C61F /* PushService.swift */,
				C2D3E4F5A6B7C8D9E0F1A2B3 /* PushStorage.swift */,
				CFB0D6E726D09D117A5B2938 /* UDIDService.swift */,
			);
			path = Services;
			sourceTree = "<group>";
		};
		B87AAEA2D168CD203F52C520 /* Settings */ = {
			isa = PBXGroup;
			children = (
				E6F8EBC5C8418D28D8BED9DB /* SettingsView.swift */,
				790A4E0554F7EA5450CD4FC7 /* UserManagementView.swift */,
			);
			path = Settings;
			sourceTree = "<group>";
		};
		C06336CFDB679EC7DABDACA6 /* CertVault */ = {
			isa = PBXGroup;
			children = (
				288E7853E4F7831DB7DDBF40 /* Config */,
				6AFFE344870F40373B7F8485 /* Models */,
				1738E000B300DE3A3040F22F /* Resources */,
				B76E725120766923AC5FC506 /* Services */,
				53ADF1FE07D34F6E59229E0C /* Utils */,
				FA14BE0944AFDCC328CFD47D /* ViewModels */,
				9BA18FFB58425DCA4143C268 /* Views */,
				C6F94F0E440302B1B1684DF2 /* Assets.xcassets */,
				36A1F2B74C861B579D1A22C4 /* CertVault.entitlements */,
				8FB837E33CC69681F2D63198 /* CertVaultApp.swift */,
			);
			path = CertVault;
			sourceTree = "<group>";
		};
		C9825C966B4F6AC149156794 /* Profiles */ = {
			isa = PBXGroup;
			children = (
				7B624022C6A0F1908F8E0066 /* BundleIDDetailView.swift */,
				0E8FE987DCD0C03EE7C514B2 /* BundleIDListView.swift */,
				E853E47C2B40F25A61F3E08B /* CreateBundleIDView.swift */,
				73D32AF47F775DE677BC5BA6 /* CreateProfileView.swift */,
				8A00ADED28403F4245CA152D /* ProfileDetailView.swift */,
				28044F71319FCD319BEDE735 /* ProfileListView.swift */,
			);
			path = Profiles;
			sourceTree = "<group>";
		};
		D4B084C1866327995E0FA04B /* Capabilities */ = {
			isa = PBXGroup;
			children = (
				2CEC3AF3B6CB97D0B31D0806 /* CapabilityView.swift */,
			);
			path = Capabilities;
			sourceTree = "<group>";
		};
		D7FC76FD00B50E227E50D457 /* Apps */ = {
			isa = PBXGroup;
			children = (
				6E74D0B3589338E8317AE252 /* AppListView.swift */,
			);
			path = Apps;
			sourceTree = "<group>";
		};
		E835448F911A9358702ED0CF /* Auth */ = {
			isa = PBXGroup;
			children = (
				56A8FC6CE04A5CEF18DBF8CB /* LoginView.swift */,
				4DCD791E56D2F9902CF1F6A6 /* RegisterView.swift */,
			);
			path = Auth;
			sourceTree = "<group>";
		};
		EB1A11729F54442B19379911 /* Products */ = {
			isa = PBXGroup;
			children = (
				846C272BE9365D1B50251B98 /* CertVault.app */,
				270CFECFFEAACA997955027C /* CertVaultWidget.appex */,
			);
			name = Products;
			sourceTree = "<group>";
		};
		F0886118956D65DB6DF947A6 /* Dashboard */ = {
			isa = PBXGroup;
			children = (
				6AC71160AA674FBE6EA111D6 /* DashboardWidget.swift */,
				00574031B9F497CB09E9EE55 /* DashboardWidgetView.swift */,
			);
			path = Dashboard;
			sourceTree = "<group>";
		};
		F70C3968232674E54690881C /* Account */ = {
			isa = PBXGroup;
			children = (
				6CF9EDA387610D254E67668A /* AccountWidget.swift */,
				091C9AF65B337FCCE5565C96 /* AccountWidgetView.swift */,
			);
			path = Account;
			sourceTree = "<group>";
		};
		F826E02A0D30DA2EDBE699C9 /* Shared */ = {
			isa = PBXGroup;
			children = (
				AB641351B107CF248756A558 /* WidgetColors.swift */,
				85053B3D01D0EF6312A484AF /* WidgetCompat.swift */,
				7E18DAE9C0E24ECBD00EB4BB /* WidgetDataProvider.swift */,
			);
			path = Shared;
			sourceTree = "<group>";
		};
		FA14BE0944AFDCC328CFD47D /* ViewModels */ = {
			isa = PBXGroup;
			children = (
				03A100B09E679CD300E36696 /* AccountViewModel.swift */,
				956C2F448AD73DA880D689B7 /* AppListViewModel.swift */,
				5630D6FD8C30D53F250CBE88 /* AppStoreViewModel.swift */,
				3FC60C908EEE8B0E8C571525 /* AuthViewModel.swift */,
				39553B7A0445025BA5A90F71 /* CapabilityViewModel.swift */,
				80FEC3FC287DB5BC910C383C /* CertCheckViewModel.swift */,
				E0A64D37D6AB1F47F8FD5DA7 /* CertificateViewModel.swift */,
				2DC59CC7A4CE7E2493926D5F /* DashboardViewModel.swift */,
				B5882C1F835AFD6790D05F83 /* DeviceViewModel.swift */,
				DB40C21D6B0CF3FE3ECB6460 /* HealthCheckViewModel.swift */,
				A5D9C4FE2C24074DF16B198F /* ProfileViewModel.swift */,
				51DEE207AEE724016A07548C /* PushViewModel.swift */,
				231F2F71BBF38BBAC1D7A5FE /* TestFlightViewModel.swift */,
				75B8C9E099C2090044862B1F /* UDIDViewModel.swift */,
			);
			path = ViewModels;
			sourceTree = "<group>";
		};
/* End PBXGroup section */

/* Begin PBXNativeTarget section */
		2EFBF3829D267EFFAF063669 /* CertVaultWidget */ = {
			isa = PBXNativeTarget;
			buildConfigurationList = BD3B7C912E8BFB88515DA179 /* Build configuration list for PBXNativeTarget "CertVaultWidget" */;
			buildPhases = (
				030A359CDC2EAFF4FFC60AF8 /* Sources */,
				1251DBD8DA5FCA93DCAF558A /* Frameworks */,
			);
			buildRules = (
			);
			dependencies = (
			);
			name = CertVaultWidget;
			packageProductDependencies = (
				44A06B32F829A5B8178BA764 /* GRDB */,
			);
			productName = CertVaultWidget;
			productReference = 270CFECFFEAACA997955027C /* CertVaultWidget.appex */;
			productType = "com.apple.product-type.app-extension";
		};
		B5795EAFE0538C2A8DCD1EAA /* CertVault */ = {
			isa = PBXNativeTarget;
			buildConfigurationList = 1BFA904226132785EBB5E158 /* Build configuration list for PBXNativeTarget "CertVault" */;
			buildPhases = (
				E3DBB793B35C3D2E505F6F29 /* Sources */,
				E77E8DAA89B64ADC239E97A0 /* Resources */,
				6A9B687D2A01A3391087E979 /* Frameworks */,
				36D98DC6634AD67AF9E20C2F /* Embed Foundation Extensions */,
			);
			buildRules = (
			);
			dependencies = (
				676029591523BBC1E9F4006D /* PBXTargetDependency */,
			);
			name = CertVault;
			packageProductDependencies = (
				0B3F8E1F4008B723ED3912CF /* HiconIcons */,
				8ADE0817843B2060592915F6 /* GRDB */,
			);
			productName = CertVault;
			productReference = 846C272BE9365D1B50251B98 /* CertVault.app */;
			productType = "com.apple.product-type.application";
		};
/* End PBXNativeTarget section */

/* Begin PBXProject section */
		36B547F14D8BEE1405F7F2A8 /* Project object */ = {
			isa = PBXProject;
			attributes = {
				BuildIndependentTargetsInParallel = YES;
				LastUpgradeCheck = 1600;
				TargetAttributes = {
					2EFBF3829D267EFFAF063669 = {
						ProvisioningStyle = Automatic;
					};
					B5795EAFE0538C2A8DCD1EAA = {
						ProvisioningStyle = Automatic;
					};
				};
			};
			buildConfigurationList = B2FA58FD0D532A18DCAF4D9B /* Build configuration list for PBXProject "CertVault" */;
			compatibilityVersion = "Xcode 14.0";
			developmentRegion = en;
			hasScannedForEncodings = 0;
			knownRegions = (
				Base,
				en,
				"zh-Hans",
			);
			mainGroup = 157C748C70CBAEFAD63B5706;
			minimizedProjectReferenceProxies = 1;
			packageReferences = (
				3D56DED8DE83FBFED9D9C2AA /* XCRemoteSwiftPackageReference "GRDB" */,
				4E3B4EB90E2AE74688D58852 /* XCLocalSwiftPackageReference "HiconIcons" */,
			);
			projectDirPath = "";
			projectRoot = "";
			targets = (
				B5795EAFE0538C2A8DCD1EAA /* CertVault */,
				2EFBF3829D267EFFAF063669 /* CertVaultWidget */,
			);
		};
/* End PBXProject section */

/* Begin PBXResourcesBuildPhase section */
		E77E8DAA89B64ADC239E97A0 /* Resources */ = {
			isa = PBXResourcesBuildPhase;
			buildActionMask = 2147483647;
			files = (
				B9E7758D105752EB2EA7EAF8 /* Assets.xcassets in Resources */,
				9D61EE5BB2480C34F9C854D9 /* Localizable.strings in Resources */,
			);
			runOnlyForDeploymentPostprocessing = 0;
		};
/* End PBXResourcesBuildPhase section */

/* Begin PBXSourcesBuildPhase section */
		030A359CDC2EAFF4FFC60AF8 /* Sources */ = {
			isa = PBXSourcesBuildPhase;
			buildActionMask = 2147483647;
			files = (
				5BB329E09A3B92E5D01D727C /* Account.swift in Sources */,
				D709D923B58319F4C8AFE90A /* AccountWidget.swift in Sources */,
				3E81F05B54DB296171387322 /* AccountWidgetView.swift in Sources */,
				45A0EA83F901A02F1C4DF036 /* BundleID.swift in Sources */,
				4978D81D3552E94291879854 /* CertVaultWidgetBundle.swift in Sources */,
				21D253DA7C79FB10792AF84C /* Certificate.swift in Sources */,
				6676621F0D5BC9418EC27329 /* Constants.swift in Sources */,
				59B2AF6FCE9A0C627F214846 /* DashboardStats.swift in Sources */,
				FE3457227C7A5E95CB1738EC /* DashboardWidget.swift in Sources */,
				7675C71F02B2ACCFAC97FD5A /* DashboardWidgetView.swift in Sources */,
				5861BF140D528B09697EEC34 /* Device.swift in Sources */,
				928182EF7C00BB5D6D7D5489 /* ExpiryWidget.swift in Sources */,
				68E86B55FDCDEBF1EFB0379E /* ExpiryWidgetView.swift in Sources */,
				6BC9C0B9BEBB4C06D3BC8CBD /* Model+GRDB.swift in Sources */,
				F73CAC4AD08CF2252153C77B /* Profile.swift in Sources */,
				B21356A3C11DFC3A6FD9179C /* PushKey.swift in Sources */,
				9291CF31E57E8BA98220B9FA /* WidgetColors.swift in Sources */,
				98A76F50EDEDAED72DDE1031 /* WidgetCompat.swift in Sources */,
				6337F4A012770D39B06313B7 /* WidgetDataProvider.swift in Sources */,
			);
			runOnlyForDeploymentPostprocessing = 0;
		};
		E3DBB793B35C3D2E505F6F29 /* Sources */ = {
			isa = PBXSourcesBuildPhase;
			buildActionMask = 2147483647;
			files = (
				52DDC07389709B0797054042 /* APIClient.swift in Sources */,
				42E450E2996B53E7A4FDA089 /* APIResponse.swift in Sources */,
				3E12AD3A3F3E810DE75CCED7 /* Account.swift in Sources */,
				7FCAAF3277D3D5E9695FE176 /* AccountDetailView.swift in Sources */,
				6DEFE47E26560D3136FECB7C /* AccountFormView.swift in Sources */,
				F9DD70F6E9AB4621FB84F696 /* AccountListView.swift in Sources */,
				0A4D0A371341CAD6F01483BA /* AccountService.swift in Sources */,
				D712B312E343E65B910CF1F1 /* AccountViewModel.swift in Sources */,
				CB7D1B512923F568D2214D1A /* AppBackground.swift in Sources */,
				F6FAA849956E949D1CFAB3DD /* AppListView.swift in Sources */,
				3C905271CCAE0FA7C585C4D9 /* AppListViewModel.swift in Sources */,
				F6242DF0AFC3EB472242C560 /* AppLogger.swift in Sources */,
				1E1D84DB5286823090C756F4 /* AppModel.swift in Sources */,
				814B73FC76C5DD1F9BEAFE08 /* AppStoreConnectService.swift in Sources */,
				CF0720252B978BA6C0A37F41 /* AppStoreModel.swift in Sources */,
				5EF388D513C1BA0425F912DA /* AppStoreView.swift in Sources */,
				FDF3FE6F6AA2C082903D4B2B /* AppStoreViewModel.swift in Sources */,
				A93D804AA28C80242357B451 /* AuthService.swift in Sources */,
				E69CFA4A566ADF76C4328144 /* AuthViewModel.swift in Sources */,
				B04475E0715498B8D341DC56 /* AutoBindView.swift in Sources */,
				A8DDD17677C5FF62A513CF63 /* BatchImportView.swift in Sources */,
				B96A8ADC4DF35115754CC231 /* BuildDetailSheet.swift in Sources */,
				D4E5F6A7B8C9D0E1F2A3B4C5 /* GroupDetailSheet.swift in Sources */,
				F6A7B8C9D0E1F2A3B4C5D6E7 /* BetaTestSettingsSheet.swift in Sources */,
				42CD8D00037094D40ED54F7F /* BundleID.swift in Sources */,
				F44F010365E21602EEABD10F /* BundleIDDetailView.swift in Sources */,
				DFCF59AB7DA3F4B8CDA0CA4D /* BundleIDListView.swift in Sources */,
				EE56BB9D561E7646C8104A0A /* Capability.swift in Sources */,
				022B542D55DF230150F6B759 /* CapabilityService.swift in Sources */,
				D1CF363BEEC102388D45BDA4 /* CapabilityView.swift in Sources */,
				807FE859315E08FBF315D0AC /* CapabilityViewModel.swift in Sources */,
				75590BDB4AC6EF9521B399E3 /* CertCheckModel.swift in Sources */,
				50BC442E1A3E777DE3A176E4 /* CertCheckService.swift in Sources */,
				0CB943DE9F53A69F033A20A7 /* CertCheckView.swift in Sources */,
				2D07B25C1E1A1FD83F3252A6 /* CertCheckViewModel.swift in Sources */,
				CFC4B53ED9EFD1B9A9731B84 /* CertVaultApp.swift in Sources */,
				486D8DCCAF7B9AD3F28A6277 /* Certificate.swift in Sources */,
				DAAA4D43690264CBB83BED49 /* CertificateDetailView.swift in Sources */,
				0F03E3F7A3A94AF95980B901 /* CertificateListView.swift in Sources */,
				9B654DC898F462FD61006964 /* CertificateService.swift in Sources */,
				92123E82780D655E4E9965EE /* CertificateViewModel.swift in Sources */,
				CC7C1BC61A12A17700C75067 /* Constants.swift in Sources */,
				01ACEC12F139A7A58469AEF3 /* ContentView.swift in Sources */,
				3FFA011E207BC256692F5E74 /* CreateBundleIDView.swift in Sources */,
				7033FFFA1B5392422A2B8A62 /* CreateCertView.swift in Sources */,
				E860FD0A2191A4B78D8C109E /* CreateProfileView.swift in Sources */,
				AEBEEC5D0D0B6B2AAE818002 /* DashboardStats.swift in Sources */,
				BDAEACC9B77BA82EA031AE7F /* DashboardView.swift in Sources */,
				FD6BC4DF555A62AD9590DA25 /* DashboardViewModel.swift in Sources */,
				35FA25707EB0CA1F8B16729B /* DatabaseManager.swift in Sources */,
				C71AAA4B1A99A6E8DEA59B53 /* Device.swift in Sources */,
				DC6F30C3798F955A9EB93487 /* DeviceDetailView.swift in Sources */,
				4A0157935F486CD99C3DE642 /* DeviceListView.swift in Sources */,
				DBDA63D9A3B07BE9403C2F0C /* DeviceService.swift in Sources */,
				6D83AEE9CE70812502459885 /* DeviceViewModel.swift in Sources */,
				AE44B2A8F3CC140F6A748E8D /* DownloadButtonStyle.swift in Sources */,
				BA9D3FE3A292520DED189AB6 /* EmptyStateView.swift in Sources */,
				D1742B6B6A68373280BF4E40 /* ErrorView.swift in Sources */,
				D5A1B2C3E4F50617A8B9C0D1 /* DesignSystem.swift in Sources */,
				193DB31772CD46CD0D7AD55F /* Extensions.swift in Sources */,
				1199984E421B9DEC90250A83 /* FileDownloadService.swift in Sources */,
				AB530E887A352E47D26C65F2 /* GetUDIDView.swift in Sources */,
				B67ECEDAEBF45E5753F3DBDC /* GradientButton.swift in Sources */,
				78B5C3C3204AC45314242967 /* HIcon.swift in Sources */,
				5CCD9C30815B604921597689 /* HealthCheckView.swift in Sources */,
				5C845C92B24BDA1449B85956 /* HealthCheckViewModel.swift in Sources */,
				493127DFE21D97B45F07DA45 /* HealthService.swift in Sources */,
				7D88D1BCF04B4718EBC2DCBD /* KeychainService.swift in Sources */,
				3EE8A837DA9FCEC4F7FA3CE9 /* L10n.swift in Sources */,
				9BD5A29981D67A898BDC2B2C /* LoadingView.swift in Sources */,
				F4987F315965250CEC0B7D08 /* LoginView.swift in Sources */,
				218DCB335EFCD2720AFEE9AD /* Model+GRDB.swift in Sources */,
				A95D1CB08507A065B676A44E /* NotificationManager.swift in Sources */,
				C6B40BA41819C5F0FC596E5F /* ParallaxMountainHeader.swift in Sources */,
				91C900DEBC7B7284434C7776 /* Profile.swift in Sources */,
				2140431B675C683A7630A4D1 /* ProfileDetailView.swift in Sources */,
				7C41682AB1258460E12DAA19 /* ProfileListView.swift in Sources */,
				D68B0E9129FCE5B4333934F1 /* ProfileService.swift in Sources */,
				09A41F5ED3FA409EC952A5A5 /* ProfileViewModel.swift in Sources */,
				91C626F82D7C29B4EA89826B /* PushGuideView.swift in Sources */,
				ADD0FC0C2A00461EC8F9B062 /* PushKey.swift in Sources */,
				7AA422E69EF4C197B6236941 /* PushKeyListView.swift in Sources */,
				9AF143998E44558F2476DE1D /* PushService.swift in Sources */,
				B1C2D3E4F5A6B7C8D9E0F1A2 /* PushStorage.swift in Sources */,
				DE1289197BDD3E6DC71D1390 /* PushTestView.swift in Sources */,
				A1B2C3D4E5F60001A0000001 /* PushSettingsView.swift in Sources */,
				A1B2C3D4E5F60001A0000002 /* PushHistoryView.swift in Sources */,
				A1B2C3D4E5F60001A0100001 /* PushHistoryDetailSheet.swift in Sources */,
				A1B2C3D4E5F60001A0100002 /* ScheduledPushView.swift in Sources */,
				A1B2C3D4E5F60001A0000003 /* PushDeviceManageView.swift in Sources */,
				A1B2C3D4E5F60001A0000004 /* PushBroadcastView.swift in Sources */,
				C314B25B35A0270CD660BC33 /* PushViewModel.swift in Sources */,
				24F5ECBC7872E3A20C9345A1 /* RegisterView.swift in Sources */,
				AA03F6842CBD95624ADC7A32 /* SelfSignView.swift in Sources */,
				B1C79E0D52C20FDC7F5BF3F6 /* SettingsView.swift in Sources */,
				5823072D1739C95CA9085D8F /* StatCard.swift in Sources */,
				6129ACADBA0B4D079160CAB2 /* StatusBadge.swift in Sources */,
				12D5BD9A3E5D71B9B56BEA03 /* SubmitTemplate.swift in Sources */,
				B2A701E70D81E7F0FB1548F8 /* TemplatePickerSheet.swift in Sources */,
				E427DA4F776C20B2F461EC9A /* TestFlightModel.swift in Sources */,
				32CAA8960610D773538D83D9 /* TestFlightView.swift in Sources */,
				AB78A42D6781AEB8A9EF90D4 /* TestFlightViewModel.swift in Sources */,
				67871C8F075C5922AB777590 /* UDIDRequest.swift in Sources */,
				47466A1A9FFD38E6DD32DDB0 /* UDIDService.swift in Sources */,
				38B54EE40DBAA7D3900658F5 /* UDIDViewModel.swift in Sources */,
				E84D2F9BE97838BDA8AFDED5 /* UserManagementView.swift in Sources */,
				66FCFE2E7531BE07500DA923 /* WidgetHelper.swift in Sources */,
			);
			runOnlyForDeploymentPostprocessing = 0;
		};
/* End PBXSourcesBuildPhase section */

/* Begin PBXTargetDependency section */
		676029591523BBC1E9F4006D /* PBXTargetDependency */ = {
			isa = PBXTargetDependency;
			target = 2EFBF3829D267EFFAF063669 /* CertVaultWidget */;
			targetProxy = 5D37CDA4F6B2C822EC8D5E03 /* PBXContainerItemProxy */;
		};
/* End PBXTargetDependency section */

/* Begin PBXVariantGroup section */
		581904BC274B5BBFA1B79C41 /* Localizable.strings */ = {
			isa = PBXVariantGroup;
			children = (
				3A2AFFFDF337DD0585A38D63 /* en */,
				9143C255E2E5DA07198DD9C6 /* zh-Hans */,
			);
			name = Localizable.strings;
			sourceTree = "<group>";
		};
/* End PBXVariantGroup section */

/* Begin XCBuildConfiguration section */
		3A4D06356ECBB7A8F2F28864 /* Release */ = {
			isa = XCBuildConfiguration;
			buildSettings = {
				CODE_SIGN_ALLOW_ENTITLEMENTS_MODIFICATION = YES;
				CODE_SIGN_ENTITLEMENTS = CertVaultWidget/CertVaultWidget.entitlements;
				CODE_SIGN_STYLE = Automatic;
				DEVELOPMENT_TEAM = 7VJKFX4HF8;
				INFOPLIST_FILE = CertVaultWidget/Info.plist;
				IPHONEOS_DEPLOYMENT_TARGET = 17.0;
				LD_RUNPATH_SEARCH_PATHS = (
					"$(inherited)",
					"@executable_path/Frameworks",
					"@executable_path/../../Frameworks",
				);
				PRODUCT_BUNDLE_IDENTIFIER = com.cartvault.com.widget;
				SDKROOT = iphoneos;
				SKIP_INSTALL = YES;
				SWIFT_VERSION = 5.9;
				TARGETED_DEVICE_FAMILY = "1,2";
			};
			name = Release;
		};
		46C6848243F35AFC663E3ACB /* Release */ = {
			isa = XCBuildConfiguration;
			buildSettings = {
				ASSETCATALOG_COMPILER_APPICON_NAME = AppIcon;
				ASSETCATALOG_COMPILER_GLOBAL_ACCENT_COLOR_NAME = AccentColor;
				CODE_SIGN_ENTITLEMENTS = CertVault/CertVault.entitlements;
				CODE_SIGN_IDENTITY = "iPhone Developer";
				CODE_SIGN_STYLE = Automatic;
				DEVELOPMENT_TEAM = 7VJKFX4HF8;
				INFOPLIST_FILE = CertVault/Info.plist;
				INFOPLIST_KEY_CFBundleDisplayName = CertVault;
				INFOPLIST_KEY_UIApplicationSceneManifest_Generation = YES;
				INFOPLIST_KEY_UIApplicationSupportsIndirectInputEvents = YES;
				INFOPLIST_KEY_UILaunchScreen_Generation = YES;
				INFOPLIST_KEY_UISupportedInterfaceOrientations_iPad = "UIInterfaceOrientationPortrait UIInterfaceOrientationPortraitUpsideDown UIInterfaceOrientationLandscapeLeft UIInterfaceOrientationLandscapeRight";
				INFOPLIST_KEY_UISupportedInterfaceOrientations_iPhone = "UIInterfaceOrientationPortrait UIInterfaceOrientationLandscapeLeft UIInterfaceOrientationLandscapeRight";
				LD_RUNPATH_SEARCH_PATHS = (
					"$(inherited)",
					"@executable_path/Frameworks",
				);
				PRODUCT_BUNDLE_IDENTIFIER = com.cartvault.com;
				SDKROOT = iphoneos;
				TARGETED_DEVICE_FAMILY = "1,2";
			};
			name = Release;
		};
		5FDACE10947FE05E441300CB /* Debug */ = {
			isa = XCBuildConfiguration;
			buildSettings = {
				CODE_SIGN_ALLOW_ENTITLEMENTS_MODIFICATION = YES;
				CODE_SIGN_ENTITLEMENTS = CertVaultWidget/CertVaultWidget.entitlements;
				CODE_SIGN_STYLE = Automatic;
				DEVELOPMENT_TEAM = 7VJKFX4HF8;
				INFOPLIST_FILE = CertVaultWidget/Info.plist;
				IPHONEOS_DEPLOYMENT_TARGET = 17.0;
				LD_RUNPATH_SEARCH_PATHS = (
					"$(inherited)",
					"@executable_path/Frameworks",
					"@executable_path/../../Frameworks",
				);
				PRODUCT_BUNDLE_IDENTIFIER = com.cartvault.com.widget;
				SDKROOT = iphoneos;
				SKIP_INSTALL = YES;
				SWIFT_VERSION = 5.9;
				TARGETED_DEVICE_FAMILY = "1,2";
			};
			name = Debug;
		};
		6B88A8277CE557333CBE2DD2 /* Debug */ = {
			isa = XCBuildConfiguration;
			buildSettings = {
				ASSETCATALOG_COMPILER_APPICON_NAME = AppIcon;
				ASSETCATALOG_COMPILER_GLOBAL_ACCENT_COLOR_NAME = AccentColor;
				CODE_SIGN_ENTITLEMENTS = CertVault/CertVault.entitlements;
				CODE_SIGN_IDENTITY = "iPhone Developer";
				CODE_SIGN_STYLE = Automatic;
				DEVELOPMENT_TEAM = 7VJKFX4HF8;
				INFOPLIST_FILE = CertVault/Info.plist;
				INFOPLIST_KEY_CFBundleDisplayName = CertVault;
				INFOPLIST_KEY_UIApplicationSceneManifest_Generation = YES;
				INFOPLIST_KEY_UIApplicationSupportsIndirectInputEvents = YES;
				INFOPLIST_KEY_UILaunchScreen_Generation = YES;
				INFOPLIST_KEY_UISupportedInterfaceOrientations_iPad = "UIInterfaceOrientationPortrait UIInterfaceOrientationPortraitUpsideDown UIInterfaceOrientationLandscapeLeft UIInterfaceOrientationLandscapeRight";
				INFOPLIST_KEY_UISupportedInterfaceOrientations_iPhone = "UIInterfaceOrientationPortrait UIInterfaceOrientationLandscapeLeft UIInterfaceOrientationLandscapeRight";
				LD_RUNPATH_SEARCH_PATHS = (
					"$(inherited)",
					"@executable_path/Frameworks",
				);
				PRODUCT_BUNDLE_IDENTIFIER = com.cartvault.com;
				SDKROOT = iphoneos;
				TARGETED_DEVICE_FAMILY = "1,2";
			};
			name = Debug;
		};
		719AD3BEB408465E8B3B3049 /* Release */ = {
			isa = XCBuildConfiguration;
			baseConfigurationReference = B2985FE5210DD285F2D4ADE3 /* Secrets.xcconfig */;
			buildSettings = {
				ALWAYS_SEARCH_USER_PATHS = NO;
				CLANG_ANALYZER_NONNULL = YES;
				CLANG_ANALYZER_NUMBER_OBJECT_CONVERSION = YES_AGGRESSIVE;
				CLANG_CXX_LANGUAGE_STANDARD = "gnu++14";
				CLANG_CXX_LIBRARY = "libc++";
				CLANG_ENABLE_MODULES = YES;
				CLANG_ENABLE_OBJC_ARC = YES;
				CLANG_ENABLE_OBJC_WEAK = YES;
				CLANG_WARN_BLOCK_CAPTURE_AUTORELEASING = YES;
				CLANG_WARN_BOOL_CONVERSION = YES;
				CLANG_WARN_COMMA = YES;
				CLANG_WARN_CONSTANT_CONVERSION = YES;
				CLANG_WARN_DEPRECATED_OBJC_IMPLEMENTATIONS = YES;
				CLANG_WARN_DIRECT_OBJC_ISA_USAGE = YES_ERROR;
				CLANG_WARN_DOCUMENTATION_COMMENTS = YES;
				CLANG_WARN_EMPTY_BODY = YES;
				CLANG_WARN_ENUM_CONVERSION = YES;
				CLANG_WARN_INFINITE_RECURSION = YES;
				CLANG_WARN_INT_CONVERSION = YES;
				CLANG_WARN_NON_LITERAL_NULL_CONVERSION = YES;
				CLANG_WARN_OBJC_IMPLICIT_RETAIN_SELF = YES;
				CLANG_WARN_OBJC_LITERAL_CONVERSION = YES;
				CLANG_WARN_OBJC_ROOT_CLASS = YES_ERROR;
				CLANG_WARN_QUOTED_INCLUDE_IN_FRAMEWORK_HEADER = YES;
				CLANG_WARN_RANGE_LOOP_ANALYSIS = YES;
				CLANG_WARN_STRICT_PROTOTYPES = YES;
				CLANG_WARN_SUSPICIOUS_MOVE = YES;
				CLANG_WARN_UNGUARDED_AVAILABILITY = YES_AGGRESSIVE;
				CLANG_WARN_UNREACHABLE_CODE = YES;
				CLANG_WARN__DUPLICATE_METHOD_MATCH = YES;
				COPY_PHASE_STRIP = NO;
				CURRENT_PROJECT_VERSION = 1;
				DEBUG_INFORMATION_FORMAT = "dwarf-with-dsym";
				ENABLE_NS_ASSERTIONS = NO;
				ENABLE_STRICT_OBJC_MSGSEND = YES;
				GCC_C_LANGUAGE_STANDARD = gnu11;
				GCC_NO_COMMON_BLOCKS = YES;
				GCC_WARN_64_TO_32_BIT_CONVERSION = YES;
				GCC_WARN_ABOUT_RETURN_TYPE = YES_ERROR;
				GCC_WARN_UNDECLARED_SELECTOR = YES;
				GCC_WARN_UNINITIALIZED_AUTOS = YES_AGGRESSIVE;
				GCC_WARN_UNUSED_FUNCTION = YES;
				GCC_WARN_UNUSED_VARIABLE = YES;
				IPHONEOS_DEPLOYMENT_TARGET = 17.0;
				MARKETING_VERSION = 1.0.0;
				MTL_ENABLE_DEBUG_INFO = NO;
				MTL_FAST_MATH = YES;
				PRODUCT_NAME = "$(TARGET_NAME)";
				SDKROOT = iphoneos;
				SWIFT_COMPILATION_MODE = wholemodule;
				SWIFT_OPTIMIZATION_LEVEL = "-O";
				SWIFT_VERSION = 5.9;
			};
			name = Release;
		};
		88D485B537F6D6A5F3FC587A /* Debug */ = {
			isa = XCBuildConfiguration;
			baseConfigurationReference = B2985FE5210DD285F2D4ADE3 /* Secrets.xcconfig */;
			buildSettings = {
				ALWAYS_SEARCH_USER_PATHS = NO;
				CLANG_ANALYZER_NONNULL = YES;
				CLANG_ANALYZER_NUMBER_OBJECT_CONVERSION = YES_AGGRESSIVE;
				CLANG_CXX_LANGUAGE_STANDARD = "gnu++14";
				CLANG_CXX_LIBRARY = "libc++";
				CLANG_ENABLE_MODULES = YES;
				CLANG_ENABLE_OBJC_ARC = YES;
				CLANG_ENABLE_OBJC_WEAK = YES;
				CLANG_WARN_BLOCK_CAPTURE_AUTORELEASING = YES;
				CLANG_WARN_BOOL_CONVERSION = YES;
				CLANG_WARN_COMMA = YES;
				CLANG_WARN_CONSTANT_CONVERSION = YES;
				CLANG_WARN_DEPRECATED_OBJC_IMPLEMENTATIONS = YES;
				CLANG_WARN_DIRECT_OBJC_ISA_USAGE = YES_ERROR;
				CLANG_WARN_DOCUMENTATION_COMMENTS = YES;
				CLANG_WARN_EMPTY_BODY = YES;
				CLANG_WARN_ENUM_CONVERSION = YES;
				CLANG_WARN_INFINITE_RECURSION = YES;
				CLANG_WARN_INT_CONVERSION = YES;
				CLANG_WARN_NON_LITERAL_NULL_CONVERSION = YES;
				CLANG_WARN_OBJC_IMPLICIT_RETAIN_SELF = YES;
				CLANG_WARN_OBJC_LITERAL_CONVERSION = YES;
				CLANG_WARN_OBJC_ROOT_CLASS = YES_ERROR;
				CLANG_WARN_QUOTED_INCLUDE_IN_FRAMEWORK_HEADER = YES;
				CLANG_WARN_RANGE_LOOP_ANALYSIS = YES;
				CLANG_WARN_STRICT_PROTOTYPES = YES;
				CLANG_WARN_SUSPICIOUS_MOVE = YES;
				CLANG_WARN_UNGUARDED_AVAILABILITY = YES_AGGRESSIVE;
				CLANG_WARN_UNREACHABLE_CODE = YES;
				CLANG_WARN__DUPLICATE_METHOD_MATCH = YES;
				COPY_PHASE_STRIP = NO;
				CURRENT_PROJECT_VERSION = 1;
				DEBUG_INFORMATION_FORMAT = "dwarf-with-dsym";
				ENABLE_STRICT_OBJC_MSGSEND = YES;
				ENABLE_TESTABILITY = YES;
				GCC_C_LANGUAGE_STANDARD = gnu11;
				GCC_DYNAMIC_NO_PIC = NO;
				GCC_NO_COMMON_BLOCKS = YES;
				GCC_OPTIMIZATION_LEVEL = 0;
				GCC_PREPROCESSOR_DEFINITIONS = (
					"$(inherited)",
					"DEBUG=1",
				);
				GCC_WARN_64_TO_32_BIT_CONVERSION = YES;
				GCC_WARN_ABOUT_RETURN_TYPE = YES_ERROR;
				GCC_WARN_UNDECLARED_SELECTOR = YES;
				GCC_WARN_UNINITIALIZED_AUTOS = YES_AGGRESSIVE;
				GCC_WARN_UNUSED_FUNCTION = YES;
				GCC_WARN_UNUSED_VARIABLE = YES;
				IPHONEOS_DEPLOYMENT_TARGET = 17.0;
				MARKETING_VERSION = 1.0.0;
				MTL_ENABLE_DEBUG_INFO = INCLUDE_SOURCE;
				MTL_FAST_MATH = YES;
				ONLY_ACTIVE_ARCH = YES;
				PRODUCT_NAME = "$(TARGET_NAME)";
				SDKROOT = iphoneos;
				SWIFT_ACTIVE_COMPILATION_CONDITIONS = DEBUG;
				SWIFT_OPTIMIZATION_LEVEL = "-Onone";
				SWIFT_VERSION = 5.9;
			};
			name = Debug;
		};
/* End XCBuildConfiguration section */

/* Begin XCConfigurationList section */
		1BFA904226132785EBB5E158 /* Build configuration list for PBXNativeTarget "CertVault" */ = {
			isa = XCConfigurationList;
			buildConfigurations = (
				6B88A8277CE557333CBE2DD2 /* Debug */,
				46C6848243F35AFC663E3ACB /* Release */,
			);
			defaultConfigurationIsVisible = 0;
			defaultConfigurationName = Debug;
		};
		B2FA58FD0D532A18DCAF4D9B /* Build configuration list for PBXProject "CertVault" */ = {
			isa = XCConfigurationList;
			buildConfigurations = (
				88D485B537F6D6A5F3FC587A /* Debug */,
				719AD3BEB408465E8B3B3049 /* Release */,
			);
			defaultConfigurationIsVisible = 0;
			defaultConfigurationName = Debug;
		};
		BD3B7C912E8BFB88515DA179 /* Build configuration list for PBXNativeTarget "CertVaultWidget" */ = {
			isa = XCConfigurationList;
			buildConfigurations = (
				5FDACE10947FE05E441300CB /* Debug */,
				3A4D06356ECBB7A8F2F28864 /* Release */,
			);
			defaultConfigurationIsVisible = 0;
			defaultConfigurationName = Debug;
		};
/* End XCConfigurationList section */

/* Begin XCLocalSwiftPackageReference section */
		4E3B4EB90E2AE74688D58852 /* XCLocalSwiftPackageReference "HiconIcons" */ = {
			isa = XCLocalSwiftPackageReference;
			relativePath = HiconIcons;
		};
/* End XCLocalSwiftPackageReference section */

/* Begin XCRemoteSwiftPackageReference section */
		3D56DED8DE83FBFED9D9C2AA /* XCRemoteSwiftPackageReference "GRDB" */ = {
			isa = XCRemoteSwiftPackageReference;
			repositoryURL = "https://github.com/groue/GRDB.swift";
			requirement = {
				kind = upToNextMajorVersion;
				minimumVersion = 7.0.0;
			};
		};
/* End XCRemoteSwiftPackageReference section */

/* Begin XCSwiftPackageProductDependency section */
		0B3F8E1F4008B723ED3912CF /* HiconIcons */ = {
			isa = XCSwiftPackageProductDependency;
			productName = HiconIcons;
		};
		44A06B32F829A5B8178BA764 /* GRDB */ = {
			isa = XCSwiftPackageProductDependency;
			package = 3D56DED8DE83FBFED9D9C2AA /* XCRemoteSwiftPackageReference "GRDB" */;
			productName = GRDB;
		};
		8ADE0817843B2060592915F6 /* GRDB */ = {
			isa = XCSwiftPackageProductDependency;
			package = 3D56DED8DE83FBFED9D9C2AA /* XCRemoteSwiftPackageReference "GRDB" */;
			productName = GRDB;
		};
/* End XCSwiftPackageProductDependency section */
	};
	rootObject = 36B547F14D8BEE1405F7F2A8 /* Project object */;
}
